// !$*UTF8*$!
{
	archiveVersion = 1;
	classes = {
	};
	objectVersion = 50;
	objects = {

/* Begin PBXBuildFile section */
		33276D8421B2CDB800B9E3DC /* AppDelegate.swift in Sources */ = {isa = PBXBuildFile; fileRef = 33276D8321B2CDB800B9E3DC /* AppDelegate.swift */; };
		33276D8921B2CDB800B9E3DC /* Main.storyboard in Resources */ = {isa = PBXBuildFile; fileRef = 33276D8721B2CDB800B9E3DC /* Main.storyboard */; };
		33276D8B21B2CDBB00B9E3DC /* Assets.xcassets in Resources */ = {isa = PBXBuildFile; fileRef = 33276D8A21B2CDBB00B9E3DC /* Assets.xcassets */; };
		33276D8E21B2CDBB00B9E3DC /* LaunchScreen.storyboard in Resources */ = {isa = PBXBuildFile; fileRef = 33276D8C21B2CDBB00B9E3DC /* LaunchScreen.storyboard */; };
		33276D9921B2CDBB00B9E3DC /* WMGameProxyTests.swift in Sources */ = {isa = PBXBuildFile; fileRef = 33276D9821B2CDBB00B9E3DC /* WMGameProxyTests.swift */; };
		33276DA421B2CDBB00B9E3DC /* WMGameProxyUITests.swift in Sources */ = {isa = PBXBuildFile; fileRef = 33276DA321B2CDBB00B9E3DC /* WMGameProxyUITests.swift */; };
		33276DB721B2CE7300B9E3DC /* 认识Autolayout.png in Resources */ = {isa = PBXBuildFile; fileRef = 33276DB421B2CE7300B9E3DC /* 认识Autolayout.png */; };
		33276DB821B2CE7300B9E3DC /* 标准json格式.png in Resources */ = {isa = PBXBuildFile; fileRef = 33276DB521B2CE7300B9E3DC /* 标准json格式.png */; };
		33276DB921B2CE7300B9E3DC /* Safe Area.png in Resources */ = {isa = PBXBuildFile; fileRef = 33276DB621B2CE7300B9E3DC /* Safe Area.png */; };
		33276DC321B2CEF800B9E3DC /* WMGameProxy.txt in Resources */ = {isa = PBXBuildFile; fileRef = 33276DC221B2CEF800B9E3DC /* WMGameProxy.txt */; };
		33E7819021BF8D5500D1EE72 /* EyeeCommunity.m in Sources */ = {isa = PBXBuildFile; fileRef = 33E7818F21BF8D5500D1EE72 /* EyeeCommunity.m */; };
		6B137BCDDEFFBE8D67946DB3 /* Pods_WMGameProxyTests.framework in Frameworks */ = {isa = PBXBuildFile; fileRef = 4AC215051860DEBC5A34B74B /* Pods_WMGameProxyTests.framework */; };
		77D6314F211F7D72B92D53B1 /* Pods_WMGameProxy.framework in Frameworks */ = {isa = PBXBuildFile; fileRef = C6F36C9C33C31509245EC67F /* Pods_WMGameProxy.framework */; };
		B205DC151DEC0D3229641AD7 /* Pods_WMGameProxyUITests.framework in Frameworks */ = {isa = PBXBuildFile; fileRef = 2B338C3B488EEB4078244BB1 /* Pods_WMGameProxyUITests.framework */; };
/* End PBXBuildFile section */

/* Begin PBXContainerItemProxy section */
		33276D9521B2CDBB00B9E3DC /* PBXContainerItemProxy */ = {
			isa = PBXContainerItemProxy;
			containerPortal = 33276D7821B2CDB800B9E3DC /* Project object */;
			proxyType = 1;
			remoteGlobalIDString = 33276D7F21B2CDB800B9E3DC;
			remoteInfo = WMGameProxy;
		};
		33276DA021B2CDBB00B9E3DC /* PBXContainerItemProxy */ = {
			isa = PBXContainerItemProxy;
			containerPortal = 33276D7821B2CDB800B9E3DC /* Project object */;
			proxyType = 1;
			remoteGlobalIDString = 33276D7F21B2CDB800B9E3DC;
			remoteInfo = WMGameProxy;
		};
/* End PBXContainerItemProxy section */

/* Begin PBXFileReference section */
		0EDAFA730266A84EB2B84D2B /* Pods-WMGameProxyUITests.debug.xcconfig */ = {isa = PBXFileReference; includeInIndex = 1; lastKnownFileType = text.xcconfig; name = "Pods-WMGameProxyUITests.debug.xcconfig"; path = "Pods/Target Support Files/Pods-WMGameProxyUITests/Pods-WMGameProxyUITests.debug.xcconfig"; sourceTree = "<group>"; };
		262BFF3C9CA10A3614A5C073 /* Pods-WMGameProxy.debug.xcconfig */ = {isa = PBXFileReference; includeInIndex = 1; lastKnownFileType = text.xcconfig; name = "Pods-WMGameProxy.debug.xcconfig"; path = "Pods/Target Support Files/Pods-WMGameProxy/Pods-WMGameProxy.debug.xcconfig"; sourceTree = "<group>"; };
		2B338C3B488EEB4078244BB1 /* Pods_WMGameProxyUITests.framework */ = {isa = PBXFileReference; explicitFileType = wrapper.framework; includeInIndex = 0; path = Pods_WMGameProxyUITests.framework; sourceTree = BUILT_PRODUCTS_DIR; };
		33276D8021B2CDB800B9E3DC /* WMGameProxy.app */ = {isa = PBXFileReference; explicitFileType = wrapper.application; includeInIndex = 0; path = WMGameProxy.app; sourceTree = BUILT_PRODUCTS_DIR; };
		33276D8321B2CDB800B9E3DC /* AppDelegate.swift */ = {isa = PBXFileReference; lastKnownFileType = sourcecode.swift; path = AppDelegate.swift; sourceTree = "<group>"; };
		33276D8821B2CDB800B9E3DC /* Base */ = {isa = PBXFileReference; lastKnownFileType = file.storyboard; name = Base; path = Base.lproj/Main.storyboard; sourceTree = "<group>"; };
		33276D8A21B2CDBB00B9E3DC /* Assets.xcassets */ = {isa = PBXFileReference; lastKnownFileType = folder.assetcatalog; path = Assets.xcassets; sourceTree = "<group>"; };
		33276D8D21B2CDBB00B9E3DC /* Base */ = {isa = PBXFileReference; lastKnownFileType = file.storyboard; name = Base; path = Base.lproj/LaunchScreen.storyboard; sourceTree = "<group>"; };
		33276D8F21B2CDBB00B9E3DC /* Info.plist */ = {isa = PBXFileReference; lastKnownFileType = text.plist.xml; path = Info.plist; sourceTree = "<group>"; };
		33276D9421B2CDBB00B9E3DC /* WMGameProxyTests.xctest */ = {isa = PBXFileReference; explicitFileType = wrapper.cfbundle; includeInIndex = 0; path = WMGameProxyTests.xctest; sourceTree = BUILT_PRODUCTS_DIR; };
		33276D9821B2CDBB00B9E3DC /* WMGameProxyTests.swift */ = {isa = PBXFileReference; lastKnownFileType = sourcecode.swift; path = WMGameProxyTests.swift; sourceTree = "<group>"; };
		33276D9A21B2CDBB00B9E3DC /* Info.plist */ = {isa = PBXFileReference; lastKnownFileType = text.plist.xml; path = Info.plist; sourceTree = "<group>"; };
		33276D9F21B2CDBB00B9E3DC /* WMGameProxyUITests.xctest */ = {isa = PBXFileReference; explicitFileType = wrapper.cfbundle; includeInIndex = 0; path = WMGameProxyUITests.xctest; sourceTree = BUILT_PRODUCTS_DIR; };
		33276DA321B2CDBB00B9E3DC /* WMGameProxyUITests.swift */ = {isa = PBXFileReference; lastKnownFileType = sourcecode.swift; path = WMGameProxyUITests.swift; sourceTree = "<group>"; };
		33276DA521B2CDBB00B9E3DC /* Info.plist */ = {isa = PBXFileReference; lastKnownFileType = text.plist.xml; path = Info.plist; sourceTree = "<group>"; };
		33276DB421B2CE7300B9E3DC /* 认识Autolayout.png */ = {isa = PBXFileReference; lastKnownFileType = image.png; path = "认识Autolayout.png"; sourceTree = "<group>"; };
		33276DB521B2CE7300B9E3DC /* 标准json格式.png */ = {isa = PBXFileReference; lastKnownFileType = image.png; path = "标准json格式.png"; sourceTree = "<group>"; };
		33276DB621B2CE7300B9E3DC /* Safe Area.png */ = {isa = PBXFileReference; lastKnownFileType = image.png; path = "Safe Area.png"; sourceTree = "<group>"; };
		33276DC221B2CEF800B9E3DC /* WMGameProxy.txt */ = {isa = PBXFileReference; fileEncoding = 4; lastKnownFileType = text; path = WMGameProxy.txt; sourceTree = "<group>"; };
		33E7818D21BF8D5400D1EE72 /* WMGameProxy-Bridging-Header.h */ = {isa = PBXFileReference; lastKnownFileType = sourcecode.c.h; path = "WMGameProxy-Bridging-Header.h"; sourceTree = "<group>"; };
		33E7818E21BF8D5500D1EE72 /* EyeeCommunity.h */ = {isa = PBXFileReference; lastKnownFileType = sourcecode.c.h; path = EyeeCommunity.h; sourceTree = "<group>"; };
		33E7818F21BF8D5500D1EE72 /* EyeeCommunity.m */ = {isa = PBXFileReference; lastKnownFileType = sourcecode.c.objc; path = EyeeCommunity.m; sourceTree = "<group>"; };
		4AC215051860DEBC5A34B74B /* Pods_WMGameProxyTests.framework */ = {isa = PBXFileReference; explicitFileType = wrapper.framework; includeInIndex = 0; path = Pods_WMGameProxyTests.framework; sourceTree = BUILT_PRODUCTS_DIR; };
		86D22575B12BD22BA7FDF152 /* Pods-WMGameProxyUITests.release.xcconfig */ = {isa = PBXFileReference; includeInIndex = 1; lastKnownFileType = text.xcconfig; name = "Pods-WMGameProxyUITests.release.xcconfig"; path = "Pods/Target Support Files/Pods-WMGameProxyUITests/Pods-WMGameProxyUITests.release.xcconfig"; sourceTree = "<group>"; };
		BB85EC83C4984173D3B950F8 /* Pods-WMGameProxyTests.release.xcconfig */ = {isa = PBXFileReference; includeInIndex = 1; lastKnownFileType = text.xcconfig; name = "Pods-WMGameProxyTests.release.xcconfig"; path = "Pods/Target Support Files/Pods-WMGameProxyTests/Pods-WMGameProxyTests.release.xcconfig"; sourceTree = "<group>"; };
		BBD5C3D22FEC1C0E5C02E37B /* Pods-WMGameProxyTests.debug.xcconfig */ = {isa = PBXFileReference; includeInIndex = 1; lastKnownFileType = text.xcconfig; name = "Pods-WMGameProxyTests.debug.xcconfig"; path = "Pods/Target Support Files/Pods-WMGameProxyTests/Pods-WMGameProxyTests.debug.xcconfig"; sourceTree = "<group>"; };
		C6F36C9C33C31509245EC67F /* Pods_WMGameProxy.framework */ = {isa = PBXFileReference; explicitFileType = wrapper.framework; includeInIndex = 0; path = Pods_WMGameProxy.framework; sourceTree = BUILT_PRODUCTS_DIR; };
		F95714FD6DC123A6DD328915 /* Pods-WMGameProxy.release.xcconfig */ = {isa = PBXFileReference; includeInIndex = 1; lastKnownFileType = text.xcconfig; name = "Pods-WMGameProxy.release.xcconfig"; path = "Pods/Target Support Files/Pods-WMGameProxy/Pods-WMGameProxy.release.xcconfig"; sourceTree = "<group>"; };
/* End PBXFileReference section */

/* Begin PBXFrameworksBuildPhase section */
		33276D7D21B2CDB800B9E3DC /* Frameworks */ = {
			isa = PBXFrameworksBuildPhase;
			buildActionMask = 2147483647;
			files = (
				77D6314F211F7D72B92D53B1 /* Pods_WMGameProxy.framework in Frameworks */,
			);
			runOnlyForDeploymentPostprocessing = 0;
		};
		33276D9121B2CDBB00B9E3DC /* Frameworks */ = {
			isa = PBXFrameworksBuildPhase;
			buildActionMask = 2147483647;
			files = (
				6B137BCDDEFFBE8D67946DB3 /* Pods_WMGameProxyTests.framework in Frameworks */,
			);
			runOnlyForDeploymentPostprocessing = 0;
		};
		33276D9C21B2CDBB00B9E3DC /* Frameworks */ = {
			isa = PBXFrameworksBuildPhase;
			buildActionMask = 2147483647;
			files = (
				B205DC151DEC0D3229641AD7 /* Pods_WMGameProxyUITests.framework in Frameworks */,
			);
			runOnlyForDeploymentPostprocessing = 0;
		};
/* End PBXFrameworksBuildPhase section */

/* Begin PBXGroup section */
		1F266B150F5F1AB9ABC627DD /* Pods */ = {
			isa = PBXGroup;
			children = (
				262BFF3C9CA10A3614A5C073 /* Pods-WMGameProxy.debug.xcconfig */,
				F95714FD6DC123A6DD328915 /* Pods-WMGameProxy.release.xcconfig */,
				BBD5C3D22FEC1C0E5C02E37B /* Pods-WMGameProxyTests.debug.xcconfig */,
				BB85EC83C4984173D3B950F8 /* Pods-WMGameProxyTests.release.xcconfig */,
				0EDAFA730266A84EB2B84D2B /* Pods-WMGameProxyUITests.debug.xcconfig */,
				86D22575B12BD22BA7FDF152 /* Pods-WMGameProxyUITests.release.xcconfig */,
			);
			name = Pods;
			sourceTree = "<group>";
		};
		2CD404572C2FFF60734C8B5A /* Frameworks */ = {
			isa = PBXGroup;
			children = (
				C6F36C9C33C31509245EC67F /* Pods_WMGameProxy.framework */,
				4AC215051860DEBC5A34B74B /* Pods_WMGameProxyTests.framework */,
				2B338C3B488EEB4078244BB1 /* Pods_WMGameProxyUITests.framework */,
			);
			name = Frameworks;
			sourceTree = "<group>";
		};
		33276D7721B2CDB800B9E3DC = {
			isa = PBXGroup;
			children = (
				33276D8221B2CDB800B9E3DC /* WMGameProxy */,
				33276D9721B2CDBB00B9E3DC /* WMGameProxyTests */,
				33276DA221B2CDBB00B9E3DC /* WMGameProxyUITests */,
				33276D8121B2CDB800B9E3DC /* Products */,
				1F266B150F5F1AB9ABC627DD /* Pods */,
				2CD404572C2FFF60734C8B5A /* Frameworks */,
			);
			sourceTree = "<group>";
		};
		33276D8121B2CDB800B9E3DC /* Products */ = {
			isa = PBXGroup;
			children = (
				33276D8021B2CDB800B9E3DC /* WMGameProxy.app */,
				33276D9421B2CDBB00B9E3DC /* WMGameProxyTests.xctest */,
				33276D9F21B2CDBB00B9E3DC /* WMGameProxyUITests.xctest */,
			);
			name = Products;
			sourceTree = "<group>";
		};
		33276D8221B2CDB800B9E3DC /* WMGameProxy */ = {
			isa = PBXGroup;
			children = (
				33276DB221B2CE5D00B9E3DC /* Res */,
				33276DC121B2CEC900B9E3DC /* Notes */,
				33E7818C21BF84BD00D1EE72 /* C语言 */,
				33276DB121B2CE5D00B9E3DC /* Objective-C */,
				33276DB321B2CE5D00B9E3DC /* Swift */,
				33276D8321B2CDB800B9E3DC /* AppDelegate.swift */,
				33E7818D21BF8D5400D1EE72 /* WMGameProxy-Bridging-Header.h */,
				33276D8721B2CDB800B9E3DC /* Main.storyboard */,
				33276D8A21B2CDBB00B9E3DC /* Assets.xcassets */,
				33276D8C21B2CDBB00B9E3DC /* LaunchScreen.storyboard */,
				33276D8F21B2CDBB00B9E3DC /* Info.plist */,
			);
			path = WMGameProxy;
			sourceTree = "<group>";
		};
		33276D9721B2CDBB00B9E3DC /* WMGameProxyTests */ = {
			isa = PBXGroup;
			children = (
				33276D9821B2CDBB00B9E3DC /* WMGameProxyTests.swift */,
				33276D9A21B2CDBB00B9E3DC /* Info.plist */,
			);
			path = WMGameProxyTests;
			sourceTree = "<group>";
		};
		33276DA221B2CDBB00B9E3DC /* WMGameProxyUITests */ = {
			isa = PBXGroup;
			children = (
				33276DA321B2CDBB00B9E3DC /* WMGameProxyUITests.swift */,
				33276DA521B2CDBB00B9E3DC /* Info.plist */,
			);
			path = WMGameProxyUITests;
			sourceTree = "<group>";
		};
		33276DB121B2CE5D00B9E3DC /* Objective-C */ = {
			isa = PBXGroup;
			children = (
			);
			path = "Objective-C";
			sourceTree = "<group>";
		};
		33276DB221B2CE5D00B9E3DC /* Res */ = {
			isa = PBXGroup;
			children = (
				33276DB521B2CE7300B9E3DC /* 标准json格式.png */,
				33276DB421B2CE7300B9E3DC /* 认识Autolayout.png */,
				33276DB621B2CE7300B9E3DC /* Safe Area.png */,
			);
			path = Res;
			sourceTree = "<group>";
		};
		33276DB321B2CE5D00B9E3DC /* Swift */ = {
			isa = PBXGroup;
			children = (
			);
			path = Swift;
			sourceTree = "<group>";
		};
		33276DC121B2CEC900B9E3DC /* Notes */ = {
			isa = PBXGroup;
			children = (
				33276DC221B2CEF800B9E3DC /* WMGameProxy.txt */,
			);
			path = Notes;
			sourceTree = "<group>";
		};
		33E7818C21BF84BD00D1EE72 /* C语言 */ = {
			isa = PBXGroup;
			children = (
				33E7818E21BF8D5500D1EE72 /* EyeeCommunity.h */,
				33E7818F21BF8D5500D1EE72 /* EyeeCommunity.m */,
			);
			path = "C语言";
			sourceTree = "<group>";
		};
/* End PBXGroup section */

/* Begin PBXNativeTarget section */
		33276D7F21B2CDB800B9E3DC /* WMGameProxy */ = {
			isa = PBXNativeTarget;
			buildConfigurationList = 33276DA821B2CDBB00B9E3DC /* Build configuration list for PBXNativeTarget "WMGameProxy" */;
			buildPhases = (
				402778113016183D58139BCB /* [CP] Check Pods Manifest.lock */,
				33276D7C21B2CDB800B9E3DC /* Sources */,
				33276D7D21B2CDB800B9E3DC /* Frameworks */,
				33276D7E21B2CDB800B9E3DC /* Resources */,
			);
			buildRules = (
			);
			dependencies = (
			);
			name = WMGameProxy;
			productName = WMGameProxy;
			productReference = 33276D8021B2CDB800B9E3DC /* WMGameProxy.app */;
			productType = "com.apple.product-type.application";
		};
		33276D9321B2CDBB00B9E3DC /* WMGameProxyTests */ = {
			isa = PBXNativeTarget;
			buildConfigurationList = 33276DAB21B2CDBB00B9E3DC /* Build configuration list for PBXNativeTarget "WMGameProxyTests" */;
			buildPhases = (
				84E9CE545D4CBF0E89C5B0C2 /* [CP] Check Pods Manifest.lock */,
				33276D9021B2CDBB00B9E3DC /* Sources */,
				33276D9121B2CDBB00B9E3DC /* Frameworks */,
				33276D9221B2CDBB00B9E3DC /* Resources */,
			);
			buildRules = (
			);
			dependencies = (
				33276D9621B2CDBB00B9E3DC /* PBXTargetDependency */,
			);
			name = WMGameProxyTests;
			productName = WMGameProxyTests;
			productReference = 33276D9421B2CDBB00B9E3DC /* WMGameProxyTests.xctest */;
			productType = "com.apple.product-type.bundle.unit-test";
		};
		33276D9E21B2CDBB00B9E3DC /* WMGameProxyUITests */ = {
			isa = PBXNativeTarget;
			buildConfigurationList = 33276DAE21B2CDBB00B9E3DC /* Build configuration list for PBXNativeTarget "WMGameProxyUITests" */;
			buildPhases = (
				F7FD05A9C80D0B53F962CA31 /* [CP] Check Pods Manifest.lock */,
				33276D9B21B2CDBB00B9E3DC /* Sources */,
				33276D9C21B2CDBB00B9E3DC /* Frameworks */,
				33276D9D21B2CDBB00B9E3DC /* Resources */,
			);
			buildRules = (
			);
			dependencies = (
				33276DA121B2CDBB00B9E3DC /* PBXTargetDependency */,
			);
			name = WMGameProxyUITests;
			productName = WMGameProxyUITests;
			productReference = 33276D9F21B2CDBB00B9E3DC /* WMGameProxyUITests.xctest */;
			productType = "com.apple.product-type.bundle.ui-testing";
		};
/* End PBXNativeTarget section */

/* Begin PBXProject section */
		33276D7821B2CDB800B9E3DC /* Project object */ = {
			isa = PBXProject;
			attributes = {
				LastSwiftUpdateCheck = 1010;
				LastUpgradeCheck = 1010;
				ORGANIZATIONNAME = zali;
				TargetAttributes = {
					33276D7F21B2CDB800B9E3DC = {
						CreatedOnToolsVersion = 10.1;
						LastSwiftMigration = 1010;
					};
					33276D9321B2CDBB00B9E3DC = {
						CreatedOnToolsVersion = 10.1;
						TestTargetID = 33276D7F21B2CDB800B9E3DC;
					};
					33276D9E21B2CDBB00B9E3DC = {
						CreatedOnToolsVersion = 10.1;
						TestTargetID = 33276D7F21B2CDB800B9E3DC;
					};
				};
			};
			buildConfigurationList = 33276D7B21B2CDB800B9E3DC /* Build configuration list for PBXProject "WMGameProxy" */;
			compatibilityVersion = "Xcode 9.3";
			developmentRegion = en;
			hasScannedForEncodings = 0;
			knownRegions = (
				en,
				Base,
			);
			mainGroup = 33276D7721B2CDB800B9E3DC;
			productRefGroup = 33276D8121B2CDB800B9E3DC /* Products */;
			projectDirPath = "";
			projectRoot = "";
			targets = (
				33276D7F21B2CDB800B9E3DC /* WMGameProxy */,
				33276D9321B2CDBB00B9E3DC /* WMGameProxyTests */,
				33276D9E21B2CDBB00B9E3DC /* WMGameProxyUITests */,
			);
		};
/* End PBXProject section */

/* Begin PBXResourcesBuildPhase section */
		33276D7E21B2CDB800B9E3DC /* Resources */ = {
			isa = PBXResourcesBuildPhase;
			buildActionMask = 2147483647;
			files = (
				33276DB921B2CE7300B9E3DC /* Safe Area.png in Resources */,
				33276DB821B2CE7300B9E3DC /* 标准json格式.png in Resources */,
				33276DC321B2CEF800B9E3DC /* WMGameProxy.txt in Resources */,
				33276DB721B2CE7300B9E3DC /* 认识Autolayout.png in Resources */,
				33276D8E21B2CDBB00B9E3DC /* LaunchScreen.storyboard in Resources */,
				33276D8B21B2CDBB00B9E3DC /* Assets.xcassets in Resources */,
				33276D8921B2CDB800B9E3DC /* Main.storyboard in Resources */,
			);
			runOnlyForDeploymentPostprocessing = 0;
		};
		33276D9221B2CDBB00B9E3DC /* Resources */ = {
			isa = PBXResourcesBuildPhase;
			buildActionMask = 2147483647;
			files = (
			);
			runOnlyForDeploymentPostprocessing = 0;
		};
		33276D9D21B2CDBB00B9E3DC /* Resources */ = {
			isa = PBXResourcesBuildPhase;
			buildActionMask = 2147483647;
			files = (
			);
			runOnlyForDeploymentPostprocessing = 0;
		};
/* End PBXResourcesBuildPhase section */

/* Begin PBXShellScriptBuildPhase section */
		402778113016183D58139BCB /* [CP] Check Pods Manifest.lock */ = {
			isa = PBXShellScriptBuildPhase;
			buildActionMask = 2147483647;
			files = (
			);
			inputPaths = (
				"${PODS_PODFILE_DIR_PATH}/Podfile.lock",
				"${PODS_ROOT}/Manifest.lock",
			);
			name = "[CP] Check Pods Manifest.lock";
			outputPaths = (
				"$(DERIVED_FILE_DIR)/Pods-WMGameProxy-checkManifestLockResult.txt",
			);
			runOnlyForDeploymentPostprocessing = 0;
			shellPath = /bin/sh;
			shellScript = "diff \"${PODS_PODFILE_DIR_PATH}/Podfile.lock\" \"${PODS_ROOT}/Manifest.lock\" > /dev/null\nif [ $? != 0 ] ; then\n    # print error to STDERR\n    echo \"error: The sandbox is not in sync with the Podfile.lock. Run 'pod install' or update your CocoaPods installation.\" >&2\n    exit 1\nfi\n# This output is used by Xcode 'outputs' to avoid re-running this script phase.\necho \"SUCCESS\" > \"${SCRIPT_OUTPUT_FILE_0}\"\n";
			showEnvVarsInLog = 0;
		};
		84E9CE545D4CBF0E89C5B0C2 /* [CP] Check Pods Manifest.lock */ = {
			isa = PBXShellScriptBuildPhase;
			buildActionMask = 2147483647;
			files = (
			);
			inputPaths = (
				"${PODS_PODFILE_DIR_PATH}/Podfile.lock",
				"${PODS_ROOT}/Manifest.lock",
			);
			name = "[CP] Check Pods Manifest.lock";
			outputPaths = (
				"$(DERIVED_FILE_DIR)/Pods-WMGameProxyTests-checkManifestLockResult.txt",
			);
			runOnlyForDeploymentPostprocessing = 0;
			shellPath = /bin/sh;
			shellScript = "diff \"${PODS_PODFILE_DIR_PATH}/Podfile.lock\" \"${PODS_ROOT}/Manifest.lock\" > /dev/null\nif [ $? != 0 ] ; then\n    # print error to STDERR\n    echo \"error: The sandbox is not in sync with the Podfile.lock. Run 'pod install' or update your CocoaPods installation.\" >&2\n    exit 1\nfi\n# This output is used by Xcode 'outputs' to avoid re-running this script phase.\necho \"SUCCESS\" > \"${SCRIPT_OUTPUT_FILE_0}\"\n";
			showEnvVarsInLog = 0;
		};
		F7FD05A9C80D0B53F962CA31 /* [CP] Check Pods Manifest.lock */ = {
			isa = PBXShellScriptBuildPhase;
			buildActionMask = 2147483647;
			files = (
			);
			inputPaths = (
				"${PODS_PODFILE_DIR_PATH}/Podfile.lock",
				"${PODS_ROOT}/Manifest.lock",
			);
			name = "[CP] Check Pods Manifest.lock";
			outputPaths = (
				"$(DERIVED_FILE_DIR)/Pods-WMGameProxyUITests-checkManifestLockResult.txt",
			);
			runOnlyForDeploymentPostprocessing = 0;
			shellPath = /bin/sh;
			shellScript = "diff \"${PODS_PODFILE_DIR_PATH}/Podfile.lock\" \"${PODS_ROOT}/Manifest.lock\" > /dev/null\nif [ $? != 0 ] ; then\n    # print error to STDERR\n    echo \"error: The sandbox is not in sync with the Podfile.lock. Run 'pod install' or update your CocoaPods installation.\" >&2\n    exit 1\nfi\n# This output is used by Xcode 'outputs' to avoid re-running this script phase.\necho \"SUCCESS\" > \"${SCRIPT_OUTPUT_FILE_0}\"\n";
			showEnvVarsInLog = 0;
		};
/* End PBXShellScriptBuildPhase section */

/* Begin PBXSourcesBuildPhase section */
		33276D7C21B2CDB800B9E3DC /* Sources */ = {
			isa = PBXSourcesBuildPhase;
			buildActionMask = 2147483647;
			files = (
				33276D8421B2CDB800B9E3DC /* AppDelegate.swift in Sources */,
				33E7819021BF8D5500D1EE72 /* EyeeCommunity.m in Sources */,
			);
			runOnlyForDeploymentPostprocessing = 0;
		};
		33276D9021B2CDBB00B9E3DC /* Sources */ = {
			isa = PBXSourcesBuildPhase;
			buildActionMask = 2147483647;
			files = (
				33276D9921B2CDBB00B9E3DC /* WMGameProxyTests.swift in Sources */,
			);
			runOnlyForDeploymentPostprocessing = 0;
		};
		33276D9B21B2CDBB00B9E3DC /* Sources */ = {
			isa = PBXSourcesBuildPhase;
			buildActionMask = 2147483647;
			files = (
				33276DA421B2CDBB00B9E3DC /* WMGameProxyUITests.swift in Sources */,
			);
			runOnlyForDeploymentPostprocessing = 0;
		};
/* End PBXSourcesBuildPhase section */

/* Begin PBXTargetDependency section */
		33276D9621B2CDBB00B9E3DC /* PBXTargetDependency */ = {
			isa = PBXTargetDependency;
			target = 33276D7F21B2CDB800B9E3DC /* WMGameProxy */;
			targetProxy = 33276D9521B2CDBB00B9E3DC /* PBXContainerItemProxy */;
		};
		33276DA121B2CDBB00B9E3DC /* PBXTargetDependency */ = {
			isa = PBXTargetDependency;
			target = 33276D7F21B2CDB800B9E3DC /* WMGameProxy */;
			targetProxy = 33276DA021B2CDBB00B9E3DC /* PBXContainerItemProxy */;
		};
/* End PBXTargetDependency section */

/* Begin PBXVariantGroup section */
		33276D8721B2CDB800B9E3DC /* Main.storyboard */ = {
			isa = PBXVariantGroup;
			children = (
				33276D8821B2CDB800B9E3DC /* Base */,
			);
			name = Main.storyboard;
			sourceTree = "<group>";
		};
		33276D8C21B2CDBB00B9E3DC /* LaunchScreen.storyboard */ = {
			isa = PBXVariantGroup;
			children = (
				33276D8D21B2CDBB00B9E3DC /* Base */,
			);
			name = LaunchScreen.storyboard;
			sourceTree = "<group>";
		};
/* End PBXVariantGroup section */

/* Begin XCBuildConfiguration section */
		33276DA621B2CDBB00B9E3DC /* Debug */ = {
			isa = XCBuildConfiguration;
			buildSettings = {
				ALWAYS_SEARCH_USER_PATHS = NO;
				CLANG_ANALYZER_NONNULL = YES;
				CLANG_ANALYZER_NUMBER_OBJECT_CONVERSION = YES_AGGRESSIVE;
				CLANG_CXX_LANGUAGE_STANDARD = "gnu++14";
				CLANG_CXX_LIBRARY = "libc++";
				CLANG_ENABLE_MODULES = YES;
				CLANG_ENABLE_OBJC_ARC = YES;
				CLANG_ENABLE_OBJC_WEAK = YES;
				CLANG_WARN_BLOCK_CAPTURE_AUTORELEASING = YES;
				CLANG_WARN_BOOL_CONVERSION = YES;
				CLANG_WARN_COMMA = YES;
				CLANG_WARN_CONSTANT_CONVERSION = YES;
				CLANG_WARN_DEPRECATED_OBJC_IMPLEMENTATIONS = YES;
				CLANG_WARN_DIRECT_OBJC_ISA_USAGE = YES_ERROR;
				CLANG_WARN_DOCUMENTATION_COMMENTS = YES;
				CLANG_WARN_EMPTY_BODY = YES;
				CLANG_WARN_ENUM_CONVERSION = YES;
				CLANG_WARN_INFINITE_RECURSION = YES;
				CLANG_WARN_INT_CONVERSION = YES;
				CLANG_WARN_NON_LITERAL_NULL_CONVERSION = YES;
				CLANG_WARN_OBJC_IMPLICIT_RETAIN_SELF = YES;
				CLANG_WARN_OBJC_LITERAL_CONVERSION = YES;
				CLANG_WARN_OBJC_ROOT_CLASS = YES_ERROR;
				CLANG_WARN_RANGE_LOOP_ANALYSIS = YES;
				CLANG_WARN_STRICT_PROTOTYPES = YES;
				CLANG_WARN_SUSPICIOUS_MOVE = YES;
				CLANG_WARN_UNGUARDED_AVAILABILITY = YES_AGGRESSIVE;
				CLANG_WARN_UNREACHABLE_CODE = YES;
				CLANG_WARN__DUPLICATE_METHOD_MATCH = YES;
				CODE_SIGN_IDENTITY = "iPhone Developer";
				COPY_PHASE_STRIP = NO;
				DEBUG_INFORMATION_FORMAT = dwarf;
				ENABLE_STRICT_OBJC_MSGSEND = YES;
				ENABLE_TESTABILITY = YES;
				GCC_C_LANGUAGE_STANDARD = gnu11;
				GCC_DYNAMIC_NO_PIC = NO;
				GCC_NO_COMMON_BLOCKS = YES;
				GCC_OPTIMIZATION_LEVEL = 0;
				GCC_PREPROCESSOR_DEFINITIONS = (
					"DEBUG=1",
					"$(inherited)",
				);
				GCC_WARN_64_TO_32_BIT_CONVERSION = YES;
				GCC_WARN_ABOUT_RETURN_TYPE = YES_ERROR;
				GCC_WARN_UNDECLARED_SELECTOR = YES;
				GCC_WARN_UNINITIALIZED_AUTOS = YES_AGGRESSIVE;
				GCC_WARN_UNUSED_FUNCTION = YES;
				GCC_WARN_UNUSED_VARIABLE = YES;
				IPHONEOS_DEPLOYMENT_TARGET = 12.1;
				MTL_ENABLE_DEBUG_INFO = INCLUDE_SOURCE;
				MTL_FAST_MATH = YES;
				ONLY_ACTIVE_ARCH = YES;
				SDKROOT = iphoneos;
				SWIFT_ACTIVE_COMPILATION_CONDITIONS = DEBUG;
				SWIFT_OPTIMIZATION_LEVEL = "-Onone";
			};
			name = Debug;
		};
		33276DA721B2CDBB00B9E3DC /* Release */ = {
			isa = XCBuildConfiguration;
			buildSettings = {
				ALWAYS_SEARCH_USER_PATHS = NO;
				CLANG_ANALYZER_NONNULL = YES;
				CLANG_ANALYZER_NUMBER_OBJECT_CONVERSION = YES_AGGRESSIVE;
				CLANG_CXX_LANGUAGE_STANDARD = "gnu++14";
				CLANG_CXX_LIBRARY = "libc++";
				CLANG_ENABLE_MODULES = YES;
				CLANG_ENABLE_OBJC_ARC = YES;
				CLANG_ENABLE_OBJC_WEAK = YES;
				CLANG_WARN_BLOCK_CAPTURE_AUTORELEASING = YES;
				CLANG_WARN_BOOL_CONVERSION = YES;
				CLANG_WARN_COMMA = YES;
				CLANG_WARN_CONSTANT_CONVERSION = YES;
				CLANG_WARN_DEPRECATED_OBJC_IMPLEMENTATIONS = YES;
				CLANG_WARN_DIRECT_OBJC_ISA_USAGE = YES_ERROR;
				CLANG_WARN_DOCUMENTATION_COMMENTS = YES;
				CLANG_WARN_EMPTY_BODY = YES;
				CLANG_WARN_ENUM_CONVERSION = YES;
				CLANG_WARN_INFINITE_RECURSION = YES;
				CLANG_WARN_INT_CONVERSION = YES;
				CLANG_WARN_NON_LITERAL_NULL_CONVERSION = YES;
				CLANG_WARN_OBJC_IMPLICIT_RETAIN_SELF = YES;
				CLANG_WARN_OBJC_LITERAL_CONVERSION = YES;
				CLANG_WARN_OBJC_ROOT_CLASS = YES_ERROR;
				CLANG_WARN_RANGE_LOOP_ANALYSIS = YES;
				CLANG_WARN_STRICT_PROTOTYPES = YES;
				CLANG_WARN_SUSPICIOUS_MOVE = YES;
				CLANG_WARN_UNGUARDED_AVAILABILITY = YES_AGGRESSIVE;
				CLANG_WARN_UNREACHABLE_CODE = YES;
				CLANG_WARN__DUPLICATE_METHOD_MATCH = YES;
				CODE_SIGN_IDENTITY = "iPhone Developer";
				COPY_PHASE_STRIP = NO;
				DEBUG_INFORMATION_FORMAT = "dwarf-with-dsym";
				ENABLE_NS_ASSERTIONS = NO;
				ENABLE_STRICT_OBJC_MSGSEND = YES;
				GCC_C_LANGUAGE_STANDARD = gnu11;
				GCC_NO_COMMON_BLOCKS = YES;
				GCC_WARN_64_TO_32_BIT_CONVERSION = YES;
				GCC_WARN_ABOUT_RETURN_TYPE = YES_ERROR;
				GCC_WARN_UNDECLARED_SELECTOR = YES;
				GCC_WARN_UNINITIALIZED_AUTOS = YES_AGGRESSIVE;
				GCC_WARN_UNUSED_FUNCTION = YES;
				GCC_WARN_UNUSED_VARIABLE = YES;
				IPHONEOS_DEPLOYMENT_TARGET = 12.1;
				MTL_ENABLE_DEBUG_INFO = NO;
				MTL_FAST_MATH = YES;
				SDKROOT = iphoneos;
				SWIFT_COMPILATION_MODE = wholemodule;
				SWIFT_OPTIMIZATION_LEVEL = "-O";
				VALIDATE_PRODUCT = YES;
			};
			name = Release;
		};
		33276DA921B2CDBB00B9E3DC /* Debug */ = {
			isa = XCBuildConfiguration;
			baseConfigurationReference = 262BFF3C9CA10A3614A5C073 /* Pods-WMGameProxy.debug.xcconfig */;
			buildSettings = {
				ASSETCATALOG_COMPILER_APPICON_NAME = AppIcon;
				CLANG_ENABLE_MODULES = YES;
				CODE_SIGN_STYLE = Automatic;
				INFOPLIST_FILE = WMGameProxy/Info.plist;
				IPHONEOS_DEPLOYMENT_TARGET = 8.0;
				LD_RUNPATH_SEARCH_PATHS = (
					"$(inherited)",
					"@executable_path/Frameworks",
				);
				PRODUCT_BUNDLE_IDENTIFIER = org.wm.ios;
				PRODUCT_NAME = "$(TARGET_NAME)";
				SWIFT_OBJC_BRIDGING_HEADER = "WMGameProxy/C语言/WMGameProxy-Bridging-Header.h";
				SWIFT_OPTIMIZATION_LEVEL = "-Onone";
				SWIFT_VERSION = 4.2;
				TARGETED_DEVICE_FAMILY = "1,2";
			};
			name = Debug;
		};
		33276DAA21B2CDBB00B9E3DC /* Release */ = {
			isa = XCBuildConfiguration;
			baseConfigurationReference = F95714FD6DC123A6DD328915 /* Pods-WMGameProxy.release.xcconfig */;
			buildSettings = {
				ASSETCATALOG_COMPILER_APPICON_NAME = AppIcon;
				CLANG_ENABLE_MODULES = YES;
				CODE_SIGN_STYLE = Automatic;
				INFOPLIST_FILE = WMGameProxy/Info.plist;
				IPHONEOS_DEPLOYMENT_TARGET = 8.0;
				LD_RUNPATH_SEARCH_PATHS = (
					"$(inherited)",
					"@executable_path/Frameworks",
				);
				PRODUCT_BUNDLE_IDENTIFIER = org.wm.ios;
				PRODUCT_NAME = "$(TARGET_NAME)";
				SWIFT_OBJC_BRIDGING_HEADER = "WMGameProxy/C语言/WMGameProxy-Bridging-Header.h";
				SWIFT_VERSION = 4.2;
				TARGETED_DEVICE_FAMILY = "1,2";
			};
			name = Release;
		};
		33276DAC21B2CDBB00B9E3DC /* Debug */ = {
			isa = XCBuildConfiguration;
			baseConfigurationReference = BBD5C3D22FEC1C0E5C02E37B /* Pods-WMGameProxyTests.debug.xcconfig */;
			buildSettings = {
				ALWAYS_EMBED_SWIFT_STANDARD_LIBRARIES = YES;
				BUNDLE_LOADER = "$(TEST_HOST)";
				CODE_SIGN_STYLE = Automatic;
				INFOPLIST_FILE = WMGameProxyTests/Info.plist;
				LD_RUNPATH_SEARCH_PATHS = (
					"$(inherited)",
					"@executable_path/Frameworks",
					"@loader_path/Frameworks",
				);
				PRODUCT_BUNDLE_IDENTIFIER = org.wm.ios.WMGameProxyTests;
				PRODUCT_NAME = "$(TARGET_NAME)";
				SWIFT_VERSION = 4.2;
				TARGETED_DEVICE_FAMILY = "1,2";
				TEST_HOST = "$(BUILT_PRODUCTS_DIR)/WMGameProxy.app/WMGameProxy";
			};
			name = Debug;
		};
		33276DAD21B2CDBB00B9E3DC /* Release */ = {
			isa = XCBuildConfiguration;
			baseConfigurationReference = BB85EC83C4984173D3B950F8 /* Pods-WMGameProxyTests.release.xcconfig */;
			buildSettings = {
				ALWAYS_EMBED_SWIFT_STANDARD_LIBRARIES = YES;
				BUNDLE_LOADER = "$(TEST_HOST)";
				CODE_SIGN_STYLE = Automatic;
				INFOPLIST_FILE = WMGameProxyTests/Info.plist;
				LD_RUNPATH_SEARCH_PATHS = (
					"$(inherited)",
					"@executable_path/Frameworks",
					"@loader_path/Frameworks",
				);
				PRODUCT_BUNDLE_IDENTIFIER = org.wm.ios.WMGameProxyTests;
				PRODUCT_NAME = "$(TARGET_NAME)";
				SWIFT_VERSION = 4.2;
				TARGETED_DEVICE_FAMILY = "1,2";
				TEST_HOST = "$(BUILT_PRODUCTS_DIR)/WMGameProxy.app/WMGameProxy";
			};
			name = Release;
		};
		33276DAF21B2CDBB00B9E3DC /* Debug */ = {
			isa = XCBuildConfiguration;
			baseConfigurationReference = 0EDAFA730266A84EB2B84D2B /* Pods-WMGameProxyUITests.debug.xcconfig */;
			buildSettings = {
				ALWAYS_EMBED_SWIFT_STANDARD_LIBRARIES = YES;
				CODE_SIGN_STYLE = Automatic;
				INFOPLIST_FILE = WMGameProxyUITests/Info.plist;
				LD_RUNPATH_SEARCH_PATHS = (
					"$(inherited)",
					"@executable_path/Frameworks",
					"@loader_path/Frameworks",
				);
				PRODUCT_BUNDLE_IDENTIFIER = org.wm.ios.WMGameProxyUITests;
				PRODUCT_NAME = "$(TARGET_NAME)";
				SWIFT_VERSION = 4.2;
				TARGETED_DEVICE_FAMILY = "1,2";
				TEST_TARGET_NAME = WMGameProxy;
			};
			name = Debug;
		};
		33276DB021B2CDBB00B9E3DC /* Release */ = {
			isa = XCBuildConfiguration;
			baseConfigurationReference = 86D22575B12BD22BA7FDF152 /* Pods-WMGameProxyUITests.release.xcconfig */;
			buildSettings = {
				ALWAYS_EMBED_SWIFT_STANDARD_LIBRARIES = YES;
				CODE_SIGN_STYLE = Automatic;
				INFOPLIST_FILE = WMGameProxyUITests/Info.plist;
				LD_RUNPATH_SEARCH_PATHS = (
					"$(inherited)",
					"@executable_path/Frameworks",
					"@loader_path/Frameworks",
				);
				PRODUCT_BUNDLE_IDENTIFIER = org.wm.ios.WMGameProxyUITests;
				PRODUCT_NAME = "$(TARGET_NAME)";
				SWIFT_VERSION = 4.2;
				TARGETED_DEVICE_FAMILY = "1,2";
				TEST_TARGET_NAME = WMGameProxy;
			};
			name = Release;
		};
/* End XCBuildConfiguration section */

/* Begin XCConfigurationList section */
		33276D7B21B2CDB800B9E3DC /* Build configuration list for PBXProject "WMGameProxy" */ = {
			isa = XCConfigurationList;
			buildConfigurations = (
				33276DA621B2CDBB00B9E3DC /* Debug */,
				33276DA721B2CDBB00B9E3DC /* Release */,
			);
			defaultConfigurationIsVisible = 0;
			defaultConfigurationName = Release;
		};
		33276DA821B2CDBB00B9E3DC /* Build configuration list for PBXNativeTarget "WMGameProxy" */ = {
			isa = XCConfigurationList;
			buildConfigurations = (
				33276DA921B2CDBB00B9E3DC /* Debug */,
				33276DAA21B2CDBB00B9E3DC /* Release */,
			);
			defaultConfigurationIsVisible = 0;
			defaultConfigurationName = Release;
		};
		33276DAB21B2CDBB00B9E3DC /* Build configuration list for PBXNativeTarget "WMGameProxyTests" */ = {
			isa = XCConfigurationList;
			buildConfigurations = (
				33276DAC21B2CDBB00B9E3DC /* Debug */,
				33276DAD21B2CDBB00B9E3DC /* Release */,
			);
			defaultConfigurationIsVisible = 0;
			defaultConfigurationName = Release;
		};
		33276DAE21B2CDBB00B9E3DC /* Build configuration list for PBXNativeTarget "WMGameProxyUITests" */ = {
			isa = XCConfigurationList;
			buildConfigurations = (
				33276DAF21B2CDBB00B9E3DC /* Debug */,
				33276DB021B2CDBB00B9E3DC /* Release */,
			);
			defaultConfigurationIsVisible = 0;
			defaultConfigurationName = Release;
		};
/* End XCConfigurationList section */
	};
	rootObject = 33276D7821B2CDB800B9E3DC /* Project object */;
}
