// !$*UTF8*$!
{
	archiveVersion = 1;
	classes = {
	};
	objectVersion = 50;
	objects = {

/* Begin PBXBuildFile section */
		3311493B21BB650A009E4C05 /* AppDelegate.swift in Sources */ = {isa = PBXBuildFile; fileRef = 3311493A21BB650A009E4C05 /* AppDelegate.swift */; };
		3311493D21BB650A009E4C05 /* ViewController.swift in Sources */ = {isa = PBXBuildFile; fileRef = 3311493C21BB650A009E4C05 /* ViewController.swift */; };
		3311494021BB650A009E4C05 /* Main.storyboard in Resources */ = {isa = PBXBuildFile; fileRef = 3311493E21BB650A009E4C05 /* Main.storyboard */; };
		3311494221BB6510009E4C05 /* Assets.xcassets in Resources */ = {isa = PBXBuildFile; fileRef = 3311494121BB6510009E4C05 /* Assets.xcassets */; };
		3311494521BB6510009E4C05 /* LaunchScreen.storyboard in Resources */ = {isa = PBXBuildFile; fileRef = 3311494321BB6510009E4C05 /* LaunchScreen.storyboard */; };
		3311495021BB6510009E4C05 /* NSMutableAttributedStringTests.swift in Sources */ = {isa = PBXBuildFile; fileRef = 3311494F21BB6510009E4C05 /* NSMutableAttributedStringTests.swift */; };
		3311495B21BB6510009E4C05 /* NSMutableAttributedStringUITests.swift in Sources */ = {isa = PBXBuildFile; fileRef = 3311495A21BB6510009E4C05 /* NSMutableAttributedStringUITests.swift */; };
/* End PBXBuildFile section */

/* Begin PBXContainerItemProxy section */
		3311494C21BB6510009E4C05 /* PBXContainerItemProxy */ = {
			isa = PBXContainerItemProxy;
			containerPortal = 3311492F21BB6509009E4C05 /* Project object */;
			proxyType = 1;
			remoteGlobalIDString = 3311493621BB6509009E4C05;
			remoteInfo = NSMutableAttributedString;
		};
		3311495721BB6510009E4C05 /* PBXContainerItemProxy */ = {
			isa = PBXContainerItemProxy;
			containerPortal = 3311492F21BB6509009E4C05 /* Project object */;
			proxyType = 1;
			remoteGlobalIDString = 3311493621BB6509009E4C05;
			remoteInfo = NSMutableAttributedString;
		};
/* End PBXContainerItemProxy section */

/* Begin PBXFileReference section */
		3311493721BB650A009E4C05 /* NSMutableAttributedString.app */ = {isa = PBXFileReference; explicitFileType = wrapper.application; includeInIndex = 0; path = NSMutableAttributedString.app; sourceTree = BUILT_PRODUCTS_DIR; };
		3311493A21BB650A009E4C05 /* AppDelegate.swift */ = {isa = PBXFileReference; lastKnownFileType = sourcecode.swift; path = AppDelegate.swift; sourceTree = "<group>"; };
		3311493C21BB650A009E4C05 /* ViewController.swift */ = {isa = PBXFileReference; lastKnownFileType = sourcecode.swift; path = ViewController.swift; sourceTree = "<group>"; };
		3311493F21BB650A009E4C05 /* Base */ = {isa = PBXFileReference; lastKnownFileType = file.storyboard; name = Base; path = Base.lproj/Main.storyboard; sourceTree = "<group>"; };
		3311494121BB6510009E4C05 /* Assets.xcassets */ = {isa = PBXFileReference; lastKnownFileType = folder.assetcatalog; path = Assets.xcassets; sourceTree = "<group>"; };
		3311494421BB6510009E4C05 /* Base */ = {isa = PBXFileReference; lastKnownFileType = file.storyboard; name = Base; path = Base.lproj/LaunchScreen.storyboard; sourceTree = "<group>"; };
		3311494621BB6510009E4C05 /* Info.plist */ = {isa = PBXFileReference; lastKnownFileType = text.plist.xml; path = Info.plist; sourceTree = "<group>"; };
		3311494B21BB6510009E4C05 /* NSMutableAttributedStringTests.xctest */ = {isa = PBXFileReference; explicitFileType = wrapper.cfbundle; includeInIndex = 0; path = NSMutableAttributedStringTests.xctest; sourceTree = BUILT_PRODUCTS_DIR; };
		3311494F21BB6510009E4C05 /* NSMutableAttributedStringTests.swift */ = {isa = PBXFileReference; lastKnownFileType = sourcecode.swift; path = NSMutableAttributedStringTests.swift; sourceTree = "<group>"; };
		3311495121BB6510009E4C05 /* Info.plist */ = {isa = PBXFileReference; lastKnownFileType = text.plist.xml; path = Info.plist; sourceTree = "<group>"; };
		3311495621BB6510009E4C05 /* NSMutableAttributedStringUITests.xctest */ = {isa = PBXFileReference; explicitFileType = wrapper.cfbundle; includeInIndex = 0; path = NSMutableAttributedStringUITests.xctest; sourceTree = BUILT_PRODUCTS_DIR; };
		3311495A21BB6510009E4C05 /* NSMutableAttributedStringUITests.swift */ = {isa = PBXFileReference; lastKnownFileType = sourcecode.swift; path = NSMutableAttributedStringUITests.swift; sourceTree = "<group>"; };
		3311495C21BB6510009E4C05 /* Info.plist */ = {isa = PBXFileReference; lastKnownFileType = text.plist.xml; path = Info.plist; sourceTree = "<group>"; };
/* End PBXFileReference section */

/* Begin PBXFrameworksBuildPhase section */
		3311493421BB6509009E4C05 /* Frameworks */ = {
			isa = PBXFrameworksBuildPhase;
			buildActionMask = 2147483647;
			files = (
			);
			runOnlyForDeploymentPostprocessing = 0;
		};
		3311494821BB6510009E4C05 /* Frameworks */ = {
			isa = PBXFrameworksBuildPhase;
			buildActionMask = 2147483647;
			files = (
			);
			runOnlyForDeploymentPostprocessing = 0;
		};
		3311495321BB6510009E4C05 /* Frameworks */ = {
			isa = PBXFrameworksBuildPhase;
			buildActionMask = 2147483647;
			files = (
			);
			runOnlyForDeploymentPostprocessing = 0;
		};
/* End PBXFrameworksBuildPhase section */

/* Begin PBXGroup section */
		3311492E21BB6509009E4C05 = {
			isa = PBXGroup;
			children = (
				3311493921BB650A009E4C05 /* NSMutableAttributedString */,
				3311494E21BB6510009E4C05 /* NSMutableAttributedStringTests */,
				3311495921BB6510009E4C05 /* NSMutableAttributedStringUITests */,
				3311493821BB650A009E4C05 /* Products */,
			);
			sourceTree = "<group>";
		};
		3311493821BB650A009E4C05 /* Products */ = {
			isa = PBXGroup;
			children = (
				3311493721BB650A009E4C05 /* NSMutableAttributedString.app */,
				3311494B21BB6510009E4C05 /* NSMutableAttributedStringTests.xctest */,
				3311495621BB6510009E4C05 /* NSMutableAttributedStringUITests.xctest */,
			);
			name = Products;
			sourceTree = "<group>";
		};
		3311493921BB650A009E4C05 /* NSMutableAttributedString */ = {
			isa = PBXGroup;
			children = (
				3311493A21BB650A009E4C05 /* AppDelegate.swift */,
				3311493C21BB650A009E4C05 /* ViewController.swift */,
				3311493E21BB650A009E4C05 /* Main.storyboard */,
				3311494121BB6510009E4C05 /* Assets.xcassets */,
				3311494321BB6510009E4C05 /* LaunchScreen.storyboard */,
				3311494621BB6510009E4C05 /* Info.plist */,
			);
			path = NSMutableAttributedString;
			sourceTree = "<group>";
		};
		3311494E21BB6510009E4C05 /* NSMutableAttributedStringTests */ = {
			isa = PBXGroup;
			children = (
				3311494F21BB6510009E4C05 /* NSMutableAttributedStringTests.swift */,
				3311495121BB6510009E4C05 /* Info.plist */,
			);
			path = NSMutableAttributedStringTests;
			sourceTree = "<group>";
		};
		3311495921BB6510009E4C05 /* NSMutableAttributedStringUITests */ = {
			isa = PBXGroup;
			children = (
				3311495A21BB6510009E4C05 /* NSMutableAttributedStringUITests.swift */,
				3311495C21BB6510009E4C05 /* Info.plist */,
			);
			path = NSMutableAttributedStringUITests;
			sourceTree = "<group>";
		};
/* End PBXGroup section */

/* Begin PBXNativeTarget section */
		3311493621BB6509009E4C05 /* NSMutableAttributedString */ = {
			isa = PBXNativeTarget;
			buildConfigurationList = 3311495F21BB6510009E4C05 /* Build configuration list for PBXNativeTarget "NSMutableAttributedString" */;
			buildPhases = (
				3311493321BB6509009E4C05 /* Sources */,
				3311493421BB6509009E4C05 /* Frameworks */,
				3311493521BB6509009E4C05 /* Resources */,
			);
			buildRules = (
			);
			dependencies = (
			);
			name = NSMutableAttributedString;
			productName = NSMutableAttributedString;
			productReference = 3311493721BB650A009E4C05 /* NSMutableAttributedString.app */;
			productType = "com.apple.product-type.application";
		};
		3311494A21BB6510009E4C05 /* NSMutableAttributedStringTests */ = {
			isa = PBXNativeTarget;
			buildConfigurationList = 3311496221BB6510009E4C05 /* Build configuration list for PBXNativeTarget "NSMutableAttributedStringTests" */;
			buildPhases = (
				3311494721BB6510009E4C05 /* Sources */,
				3311494821BB6510009E4C05 /* Frameworks */,
				3311494921BB6510009E4C05 /* Resources */,
			);
			buildRules = (
			);
			dependencies = (
				3311494D21BB6510009E4C05 /* PBXTargetDependency */,
			);
			name = NSMutableAttributedStringTests;
			productName = NSMutableAttributedStringTests;
			productReference = 3311494B21BB6510009E4C05 /* NSMutableAttributedStringTests.xctest */;
			productType = "com.apple.product-type.bundle.unit-test";
		};
		3311495521BB6510009E4C05 /* NSMutableAttributedStringUITests */ = {
			isa = PBXNativeTarget;
			buildConfigurationList = 3311496521BB6510009E4C05 /* Build configuration list for PBXNativeTarget "NSMutableAttributedStringUITests" */;
			buildPhases = (
				3311495221BB6510009E4C05 /* Sources */,
				3311495321BB6510009E4C05 /* Frameworks */,
				3311495421BB6510009E4C05 /* Resources */,
			);
			buildRules = (
			);
			dependencies = (
				3311495821BB6510009E4C05 /* PBXTargetDependency */,
			);
			name = NSMutableAttributedStringUITests;
			productName = NSMutableAttributedStringUITests;
			productReference = 3311495621BB6510009E4C05 /* NSMutableAttributedStringUITests.xctest */;
			productType = "com.apple.product-type.bundle.ui-testing";
		};
/* End PBXNativeTarget section */

/* Begin PBXProject section */
		3311492F21BB6509009E4C05 /* Project object */ = {
			isa = PBXProject;
			attributes = {
				LastSwiftUpdateCheck = 1010;
				LastUpgradeCheck = 1010;
				ORGANIZATIONNAME = zali;
				TargetAttributes = {
					3311493621BB6509009E4C05 = {
						CreatedOnToolsVersion = 10.1;
					};
					3311494A21BB6510009E4C05 = {
						CreatedOnToolsVersion = 10.1;
						TestTargetID = 3311493621BB6509009E4C05;
					};
					3311495521BB6510009E4C05 = {
						CreatedOnToolsVersion = 10.1;
						TestTargetID = 3311493621BB6509009E4C05;
					};
				};
			};
			buildConfigurationList = 3311493221BB6509009E4C05 /* Build configuration list for PBXProject "NSMutableAttributedString" */;
			compatibilityVersion = "Xcode 9.3";
			developmentRegion = en;
			hasScannedForEncodings = 0;
			knownRegions = (
				en,
				Base,
			);
			mainGroup = 3311492E21BB6509009E4C05;
			productRefGroup = 3311493821BB650A009E4C05 /* Products */;
			projectDirPath = "";
			projectRoot = "";
			targets = (
				3311493621BB6509009E4C05 /* NSMutableAttributedString */,
				3311494A21BB6510009E4C05 /* NSMutableAttributedStringTests */,
				3311495521BB6510009E4C05 /* NSMutableAttributedStringUITests */,
			);
		};
/* End PBXProject section */

/* Begin PBXResourcesBuildPhase section */
		3311493521BB6509009E4C05 /* Resources */ = {
			isa = PBXResourcesBuildPhase;
			buildActionMask = 2147483647;
			files = (
				3311494521BB6510009E4C05 /* LaunchScreen.storyboard in Resources */,
				3311494221BB6510009E4C05 /* Assets.xcassets in Resources */,
				3311494021BB650A009E4C05 /* Main.storyboard in Resources */,
			);
			runOnlyForDeploymentPostprocessing = 0;
		};
		3311494921BB6510009E4C05 /* Resources */ = {
			isa = PBXResourcesBuildPhase;
			buildActionMask = 2147483647;
			files = (
			);
			runOnlyForDeploymentPostprocessing = 0;
		};
		3311495421BB6510009E4C05 /* Resources */ = {
			isa = PBXResourcesBuildPhase;
			buildActionMask = 2147483647;
			files = (
			);
			runOnlyForDeploymentPostprocessing = 0;
		};
/* End PBXResourcesBuildPhase section */

/* Begin PBXSourcesBuildPhase section */
		3311493321BB6509009E4C05 /* Sources */ = {
			isa = PBXSourcesBuildPhase;
			buildActionMask = 2147483647;
			files = (
				3311493D21BB650A009E4C05 /* ViewController.swift in Sources */,
				3311493B21BB650A009E4C05 /* AppDelegate.swift in Sources */,
			);
			runOnlyForDeploymentPostprocessing = 0;
		};
		3311494721BB6510009E4C05 /* Sources */ = {
			isa = PBXSourcesBuildPhase;
			buildActionMask = 2147483647;
			files = (
				3311495021BB6510009E4C05 /* NSMutableAttributedStringTests.swift in Sources */,
			);
			runOnlyForDeploymentPostprocessing = 0;
		};
		3311495221BB6510009E4C05 /* Sources */ = {
			isa = PBXSourcesBuildPhase;
			buildActionMask = 2147483647;
			files = (
				3311495B21BB6510009E4C05 /* NSMutableAttributedStringUITests.swift in Sources */,
			);
			runOnlyForDeploymentPostprocessing = 0;
		};
/* End PBXSourcesBuildPhase section */

/* Begin PBXTargetDependency section */
		3311494D21BB6510009E4C05 /* PBXTargetDependency */ = {
			isa = PBXTargetDependency;
			target = 3311493621BB6509009E4C05 /* NSMutableAttributedString */;
			targetProxy = 3311494C21BB6510009E4C05 /* PBXContainerItemProxy */;
		};
		3311495821BB6510009E4C05 /* PBXTargetDependency */ = {
			isa = PBXTargetDependency;
			target = 3311493621BB6509009E4C05 /* NSMutableAttributedString */;
			targetProxy = 3311495721BB6510009E4C05 /* PBXContainerItemProxy */;
		};
/* End PBXTargetDependency section */

/* Begin PBXVariantGroup section */
		3311493E21BB650A009E4C05 /* Main.storyboard */ = {
			isa = PBXVariantGroup;
			children = (
				3311493F21BB650A009E4C05 /* Base */,
			);
			name = Main.storyboard;
			sourceTree = "<group>";
		};
		3311494321BB6510009E4C05 /* LaunchScreen.storyboard */ = {
			isa = PBXVariantGroup;
			children = (
				3311494421BB6510009E4C05 /* Base */,
			);
			name = LaunchScreen.storyboard;
			sourceTree = "<group>";
		};
/* End PBXVariantGroup section */

/* Begin XCBuildConfiguration section */
		3311495D21BB6510009E4C05 /* Debug */ = {
			isa = XCBuildConfiguration;
			buildSettings = {
				ALWAYS_SEARCH_USER_PATHS = NO;
				CLANG_ANALYZER_NONNULL = YES;
				CLANG_ANALYZER_NUMBER_OBJECT_CONVERSION = YES_AGGRESSIVE;
				CLANG_CXX_LANGUAGE_STANDARD = "gnu++14";
				CLANG_CXX_LIBRARY = "libc++";
				CLANG_ENABLE_MODULES = YES;
				CLANG_ENABLE_OBJC_ARC = YES;
				CLANG_ENABLE_OBJC_WEAK = YES;
				CLANG_WARN_BLOCK_CAPTURE_AUTORELEASING = YES;
				CLANG_WARN_BOOL_CONVERSION = YES;
				CLANG_WARN_COMMA = YES;
				CLANG_WARN_CONSTANT_CONVERSION = YES;
				CLANG_WARN_DEPRECATED_OBJC_IMPLEMENTATIONS = YES;
				CLANG_WARN_DIRECT_OBJC_ISA_USAGE = YES_ERROR;
				CLANG_WARN_DOCUMENTATION_COMMENTS = YES;
				CLANG_WARN_EMPTY_BODY = YES;
				CLANG_WARN_ENUM_CONVERSION = YES;
				CLANG_WARN_INFINITE_RECURSION = YES;
				CLANG_WARN_INT_CONVERSION = YES;
				CLANG_WARN_NON_LITERAL_NULL_CONVERSION = YES;
				CLANG_WARN_OBJC_IMPLICIT_RETAIN_SELF = YES;
				CLANG_WARN_OBJC_LITERAL_CONVERSION = YES;
				CLANG_WARN_OBJC_ROOT_CLASS = YES_ERROR;
				CLANG_WARN_RANGE_LOOP_ANALYSIS = YES;
				CLANG_WARN_STRICT_PROTOTYPES = YES;
				CLANG_WARN_SUSPICIOUS_MOVE = YES;
				CLANG_WARN_UNGUARDED_AVAILABILITY = YES_AGGRESSIVE;
				CLANG_WARN_UNREACHABLE_CODE = YES;
				CLANG_WARN__DUPLICATE_METHOD_MATCH = YES;
				CODE_SIGN_IDENTITY = "iPhone Developer";
				COPY_PHASE_STRIP = NO;
				DEBUG_INFORMATION_FORMAT = dwarf;
				ENABLE_STRICT_OBJC_MSGSEND = YES;
				ENABLE_TESTABILITY = YES;
				GCC_C_LANGUAGE_STANDARD = gnu11;
				GCC_DYNAMIC_NO_PIC = NO;
				GCC_NO_COMMON_BLOCKS = YES;
				GCC_OPTIMIZATION_LEVEL = 0;
				GCC_PREPROCESSOR_DEFINITIONS = (
					"DEBUG=1",
					"$(inherited)",
				);
				GCC_WARN_64_TO_32_BIT_CONVERSION = YES;
				GCC_WARN_ABOUT_RETURN_TYPE = YES_ERROR;
				GCC_WARN_UNDECLARED_SELECTOR = YES;
				GCC_WARN_UNINITIALIZED_AUTOS = YES_AGGRESSIVE;
				GCC_WARN_UNUSED_FUNCTION = YES;
				GCC_WARN_UNUSED_VARIABLE = YES;
				IPHONEOS_DEPLOYMENT_TARGET = 12.1;
				MTL_ENABLE_DEBUG_INFO = INCLUDE_SOURCE;
				MTL_FAST_MATH = YES;
				ONLY_ACTIVE_ARCH = YES;
				SDKROOT = iphoneos;
				SWIFT_ACTIVE_COMPILATION_CONDITIONS = DEBUG;
				SWIFT_OPTIMIZATION_LEVEL = "-Onone";
			};
			name = Debug;
		};
		3311495E21BB6510009E4C05 /* Release */ = {
			isa = XCBuildConfiguration;
			buildSettings = {
				ALWAYS_SEARCH_USER_PATHS = NO;
				CLANG_ANALYZER_NONNULL = YES;
				CLANG_ANALYZER_NUMBER_OBJECT_CONVERSION = YES_AGGRESSIVE;
				CLANG_CXX_LANGUAGE_STANDARD = "gnu++14";
				CLANG_CXX_LIBRARY = "libc++";
				CLANG_ENABLE_MODULES = YES;
				CLANG_ENABLE_OBJC_ARC = YES;
				CLANG_ENABLE_OBJC_WEAK = YES;
				CLANG_WARN_BLOCK_CAPTURE_AUTORELEASING = YES;
				CLANG_WARN_BOOL_CONVERSION = YES;
				CLANG_WARN_COMMA = YES;
				CLANG_WARN_CONSTANT_CONVERSION = YES;
				CLANG_WARN_DEPRECATED_OBJC_IMPLEMENTATIONS = YES;
				CLANG_WARN_DIRECT_OBJC_ISA_USAGE = YES_ERROR;
				CLANG_WARN_DOCUMENTATION_COMMENTS = YES;
				CLANG_WARN_EMPTY_BODY = YES;
				CLANG_WARN_ENUM_CONVERSION = YES;
				CLANG_WARN_INFINITE_RECURSION = YES;
				CLANG_WARN_INT_CONVERSION = YES;
				CLANG_WARN_NON_LITERAL_NULL_CONVERSION = YES;
				CLANG_WARN_OBJC_IMPLICIT_RETAIN_SELF = YES;
				CLANG_WARN_OBJC_LITERAL_CONVERSION = YES;
				CLANG_WARN_OBJC_ROOT_CLASS = YES_ERROR;
				CLANG_WARN_RANGE_LOOP_ANALYSIS = YES;
				CLANG_WARN_STRICT_PROTOTYPES = YES;
				CLANG_WARN_SUSPICIOUS_MOVE = YES;
				CLANG_WARN_UNGUARDED_AVAILABILITY = YES_AGGRESSIVE;
				CLANG_WARN_UNREACHABLE_CODE = YES;
				CLANG_WARN__DUPLICATE_METHOD_MATCH = YES;
				CODE_SIGN_IDENTITY = "iPhone Developer";
				COPY_PHASE_STRIP = NO;
				DEBUG_INFORMATION_FORMAT = "dwarf-with-dsym";
				ENABLE_NS_ASSERTIONS = NO;
				ENABLE_STRICT_OBJC_MSGSEND = YES;
				GCC_C_LANGUAGE_STANDARD = gnu11;
				GCC_NO_COMMON_BLOCKS = YES;
				GCC_WARN_64_TO_32_BIT_CONVERSION = YES;
				GCC_WARN_ABOUT_RETURN_TYPE = YES_ERROR;
				GCC_WARN_UNDECLARED_SELECTOR = YES;
				GCC_WARN_UNINITIALIZED_AUTOS = YES_AGGRESSIVE;
				GCC_WARN_UNUSED_FUNCTION = YES;
				GCC_WARN_UNUSED_VARIABLE = YES;
				IPHONEOS_DEPLOYMENT_TARGET = 12.1;
				MTL_ENABLE_DEBUG_INFO = NO;
				MTL_FAST_MATH = YES;
				SDKROOT = iphoneos;
				SWIFT_COMPILATION_MODE = wholemodule;
				SWIFT_OPTIMIZATION_LEVEL = "-O";
				VALIDATE_PRODUCT = YES;
			};
			name = Release;
		};
		3311496021BB6510009E4C05 /* Debug */ = {
			isa = XCBuildConfiguration;
			buildSettings = {
				ASSETCATALOG_COMPILER_APPICON_NAME = AppIcon;
				CODE_SIGN_STYLE = Automatic;
				INFOPLIST_FILE = NSMutableAttributedString/Info.plist;
				LD_RUNPATH_SEARCH_PATHS = (
					"$(inherited)",
					"@executable_path/Frameworks",
				);
				PRODUCT_BUNDLE_IDENTIFIER = org.wm.ios.NSMutableAttributedString;
				PRODUCT_NAME = "$(TARGET_NAME)";
				SWIFT_VERSION = 4.2;
				TARGETED_DEVICE_FAMILY = "1,2";
			};
			name = Debug;
		};
		3311496121BB6510009E4C05 /* Release */ = {
			isa = XCBuildConfiguration;
			buildSettings = {
				ASSETCATALOG_COMPILER_APPICON_NAME = AppIcon;
				CODE_SIGN_STYLE = Automatic;
				INFOPLIST_FILE = NSMutableAttributedString/Info.plist;
				LD_RUNPATH_SEARCH_PATHS = (
					"$(inherited)",
					"@executable_path/Frameworks",
				);
				PRODUCT_BUNDLE_IDENTIFIER = org.wm.ios.NSMutableAttributedString;
				PRODUCT_NAME = "$(TARGET_NAME)";
				SWIFT_VERSION = 4.2;
				TARGETED_DEVICE_FAMILY = "1,2";
			};
			name = Release;
		};
		3311496321BB6510009E4C05 /* Debug */ = {
			isa = XCBuildConfiguration;
			buildSettings = {
				ALWAYS_EMBED_SWIFT_STANDARD_LIBRARIES = YES;
				BUNDLE_LOADER = "$(TEST_HOST)";
				CODE_SIGN_STYLE = Automatic;
				INFOPLIST_FILE = NSMutableAttributedStringTests/Info.plist;
				LD_RUNPATH_SEARCH_PATHS = (
					"$(inherited)",
					"@executable_path/Frameworks",
					"@loader_path/Frameworks",
				);
				PRODUCT_BUNDLE_IDENTIFIER = org.wm.ios.NSMutableAttributedStringTests;
				PRODUCT_NAME = "$(TARGET_NAME)";
				SWIFT_VERSION = 4.2;
				TARGETED_DEVICE_FAMILY = "1,2";
				TEST_HOST = "$(BUILT_PRODUCTS_DIR)/NSMutableAttributedString.app/NSMutableAttributedString";
			};
			name = Debug;
		};
		3311496421BB6510009E4C05 /* Release */ = {
			isa = XCBuildConfiguration;
			buildSettings = {
				ALWAYS_EMBED_SWIFT_STANDARD_LIBRARIES = YES;
				BUNDLE_LOADER = "$(TEST_HOST)";
				CODE_SIGN_STYLE = Automatic;
				INFOPLIST_FILE = NSMutableAttributedStringTests/Info.plist;
				LD_RUNPATH_SEARCH_PATHS = (
					"$(inherited)",
					"@executable_path/Frameworks",
					"@loader_path/Frameworks",
				);
				PRODUCT_BUNDLE_IDENTIFIER = org.wm.ios.NSMutableAttributedStringTests;
				PRODUCT_NAME = "$(TARGET_NAME)";
				SWIFT_VERSION = 4.2;
				TARGETED_DEVICE_FAMILY = "1,2";
				TEST_HOST = "$(BUILT_PRODUCTS_DIR)/NSMutableAttributedString.app/NSMutableAttributedString";
			};
			name = Release;
		};
		3311496621BB6510009E4C05 /* Debug */ = {
			isa = XCBuildConfiguration;
			buildSettings = {
				ALWAYS_EMBED_SWIFT_STANDARD_LIBRARIES = YES;
				CODE_SIGN_STYLE = Automatic;
				INFOPLIST_FILE = NSMutableAttributedStringUITests/Info.plist;
				LD_RUNPATH_SEARCH_PATHS = (
					"$(inherited)",
					"@executable_path/Frameworks",
					"@loader_path/Frameworks",
				);
				PRODUCT_BUNDLE_IDENTIFIER = org.wm.ios.NSMutableAttributedStringUITests;
				PRODUCT_NAME = "$(TARGET_NAME)";
				SWIFT_VERSION = 4.2;
				TARGETED_DEVICE_FAMILY = "1,2";
				TEST_TARGET_NAME = NSMutableAttributedString;
			};
			name = Debug;
		};
		3311496721BB6510009E4C05 /* Release */ = {
			isa = XCBuildConfiguration;
			buildSettings = {
				ALWAYS_EMBED_SWIFT_STANDARD_LIBRARIES = YES;
				CODE_SIGN_STYLE = Automatic;
				INFOPLIST_FILE = NSMutableAttributedStringUITests/Info.plist;
				LD_RUNPATH_SEARCH_PATHS = (
					"$(inherited)",
					"@executable_path/Frameworks",
					"@loader_path/Frameworks",
				);
				PRODUCT_BUNDLE_IDENTIFIER = org.wm.ios.NSMutableAttributedStringUITests;
				PRODUCT_NAME = "$(TARGET_NAME)";
				SWIFT_VERSION = 4.2;
				TARGETED_DEVICE_FAMILY = "1,2";
				TEST_TARGET_NAME = NSMutableAttributedString;
			};
			name = Release;
		};
/* End XCBuildConfiguration section */

/* Begin XCConfigurationList section */
		3311493221BB6509009E4C05 /* Build configuration list for PBXProject "NSMutableAttributedString" */ = {
			isa = XCConfigurationList;
			buildConfigurations = (
				3311495D21BB6510009E4C05 /* Debug */,
				3311495E21BB6510009E4C05 /* Release */,
			);
			defaultConfigurationIsVisible = 0;
			defaultConfigurationName = Release;
		};
		3311495F21BB6510009E4C05 /* Build configuration list for PBXNativeTarget "NSMutableAttributedString" */ = {
			isa = XCConfigurationList;
			buildConfigurations = (
				3311496021BB6510009E4C05 /* Debug */,
				3311496121BB6510009E4C05 /* Release */,
			);
			defaultConfigurationIsVisible = 0;
			defaultConfigurationName = Release;
		};
		3311496221BB6510009E4C05 /* Build configuration list for PBXNativeTarget "NSMutableAttributedStringTests" */ = {
			isa = XCConfigurationList;
			buildConfigurations = (
				3311496321BB6510009E4C05 /* Debug */,
				3311496421BB6510009E4C05 /* Release */,
			);
			defaultConfigurationIsVisible = 0;
			defaultConfigurationName = Release;
		};
		3311496521BB6510009E4C05 /* Build configuration list for PBXNativeTarget "NSMutableAttributedStringUITests" */ = {
			isa = XCConfigurationList;
			buildConfigurations = (
				3311496621BB6510009E4C05 /* Debug */,
				3311496721BB6510009E4C05 /* Release */,
			);
			defaultConfigurationIsVisible = 0;
			defaultConfigurationName = Release;
		};
/* End XCConfigurationList section */
	};
	rootObject = 3311492F21BB6509009E4C05 /* Project object */;
}
