// !$*UTF8*$!
{
	archiveVersion = 1;
	classes = {
	};
	objectVersion = 50;
	objects = {

/* Begin PBXBuildFile section */
		338EC3F721B05C87006D2EBB /* AppDelegate.swift in Sources */ = {isa = PBXBuildFile; fileRef = 338EC3F621B05C87006D2EBB /* AppDelegate.swift */; };
		338EC3F921B05C87006D2EBB /* ViewController.swift in Sources */ = {isa = PBXBuildFile; fileRef = 338EC3F821B05C87006D2EBB /* ViewController.swift */; };
		338EC3FC21B05C87006D2EBB /* Main.storyboard in Resources */ = {isa = PBXBuildFile; fileRef = 338EC3FA21B05C87006D2EBB /* Main.storyboard */; };
		338EC3FE21B05C87006D2EBB /* Assets.xcassets in Resources */ = {isa = PBXBuildFile; fileRef = 338EC3FD21B05C87006D2EBB /* Assets.xcassets */; };
		338EC40121B05C87006D2EBB /* LaunchScreen.storyboard in Resources */ = {isa = PBXBuildFile; fileRef = 338EC3FF21B05C87006D2EBB /* LaunchScreen.storyboard */; };
		338EC40C21B05C88006D2EBB /* HealthyLifeTests.swift in Sources */ = {isa = PBXBuildFile; fileRef = 338EC40B21B05C88006D2EBB /* HealthyLifeTests.swift */; };
		338EC41721B05C88006D2EBB /* HealthyLifeUITests.swift in Sources */ = {isa = PBXBuildFile; fileRef = 338EC41621B05C88006D2EBB /* HealthyLifeUITests.swift */; };
		F786A9B3856CF89640995775 /* libPods-HealthyLife.a in Frameworks */ = {isa = PBXBuildFile; fileRef = 76CFA3BA9EC489B92698D531 /* libPods-HealthyLife.a */; };
/* End PBXBuildFile section */

/* Begin PBXContainerItemProxy section */
		338EC40821B05C88006D2EBB /* PBXContainerItemProxy */ = {
			isa = PBXContainerItemProxy;
			containerPortal = 338EC3EB21B05C87006D2EBB /* Project object */;
			proxyType = 1;
			remoteGlobalIDString = 338EC3F221B05C87006D2EBB;
			remoteInfo = HealthyLife;
		};
		338EC41321B05C88006D2EBB /* PBXContainerItemProxy */ = {
			isa = PBXContainerItemProxy;
			containerPortal = 338EC3EB21B05C87006D2EBB /* Project object */;
			proxyType = 1;
			remoteGlobalIDString = 338EC3F221B05C87006D2EBB;
			remoteInfo = HealthyLife;
		};
/* End PBXContainerItemProxy section */

/* Begin PBXFileReference section */
		338EC3F321B05C87006D2EBB /* HealthyLife.app */ = {isa = PBXFileReference; explicitFileType = wrapper.application; includeInIndex = 0; path = HealthyLife.app; sourceTree = BUILT_PRODUCTS_DIR; };
		338EC3F621B05C87006D2EBB /* AppDelegate.swift */ = {isa = PBXFileReference; lastKnownFileType = sourcecode.swift; path = AppDelegate.swift; sourceTree = "<group>"; };
		338EC3F821B05C87006D2EBB /* ViewController.swift */ = {isa = PBXFileReference; lastKnownFileType = sourcecode.swift; path = ViewController.swift; sourceTree = "<group>"; };
		338EC3FB21B05C87006D2EBB /* Base */ = {isa = PBXFileReference; lastKnownFileType = file.storyboard; name = Base; path = Base.lproj/Main.storyboard; sourceTree = "<group>"; };
		338EC3FD21B05C87006D2EBB /* Assets.xcassets */ = {isa = PBXFileReference; lastKnownFileType = folder.assetcatalog; path = Assets.xcassets; sourceTree = "<group>"; };
		338EC40021B05C87006D2EBB /* Base */ = {isa = PBXFileReference; lastKnownFileType = file.storyboard; name = Base; path = Base.lproj/LaunchScreen.storyboard; sourceTree = "<group>"; };
		338EC40221B05C87006D2EBB /* Info.plist */ = {isa = PBXFileReference; lastKnownFileType = text.plist.xml; path = Info.plist; sourceTree = "<group>"; };
		338EC40721B05C88006D2EBB /* HealthyLifeTests.xctest */ = {isa = PBXFileReference; explicitFileType = wrapper.cfbundle; includeInIndex = 0; path = HealthyLifeTests.xctest; sourceTree = BUILT_PRODUCTS_DIR; };
		338EC40B21B05C88006D2EBB /* HealthyLifeTests.swift */ = {isa = PBXFileReference; lastKnownFileType = sourcecode.swift; path = HealthyLifeTests.swift; sourceTree = "<group>"; };
		338EC40D21B05C88006D2EBB /* Info.plist */ = {isa = PBXFileReference; lastKnownFileType = text.plist.xml; path = Info.plist; sourceTree = "<group>"; };
		338EC41221B05C88006D2EBB /* HealthyLifeUITests.xctest */ = {isa = PBXFileReference; explicitFileType = wrapper.cfbundle; includeInIndex = 0; path = HealthyLifeUITests.xctest; sourceTree = BUILT_PRODUCTS_DIR; };
		338EC41621B05C88006D2EBB /* HealthyLifeUITests.swift */ = {isa = PBXFileReference; lastKnownFileType = sourcecode.swift; path = HealthyLifeUITests.swift; sourceTree = "<group>"; };
		338EC41821B05C88006D2EBB /* Info.plist */ = {isa = PBXFileReference; lastKnownFileType = text.plist.xml; path = Info.plist; sourceTree = "<group>"; };
		705B113470F35A3F49A1E943 /* Pods_HealthyLifeUITests.framework */ = {isa = PBXFileReference; explicitFileType = wrapper.framework; includeInIndex = 0; path = Pods_HealthyLifeUITests.framework; sourceTree = BUILT_PRODUCTS_DIR; };
		7101A7925AB6A565460D0310 /* Pods-HealthyLife.debug.xcconfig */ = {isa = PBXFileReference; includeInIndex = 1; lastKnownFileType = text.xcconfig; name = "Pods-HealthyLife.debug.xcconfig"; path = "Pods/Target Support Files/Pods-HealthyLife/Pods-HealthyLife.debug.xcconfig"; sourceTree = "<group>"; };
		76CFA3BA9EC489B92698D531 /* libPods-HealthyLife.a */ = {isa = PBXFileReference; explicitFileType = archive.ar; includeInIndex = 0; path = "libPods-HealthyLife.a"; sourceTree = BUILT_PRODUCTS_DIR; };
		DD0FCFCE1E20D36B85CD8C7E /* Pods_HealthyLifeTests.framework */ = {isa = PBXFileReference; explicitFileType = wrapper.framework; includeInIndex = 0; path = Pods_HealthyLifeTests.framework; sourceTree = BUILT_PRODUCTS_DIR; };
		FD1612702771E0F410D67D37 /* Pods-HealthyLife.release.xcconfig */ = {isa = PBXFileReference; includeInIndex = 1; lastKnownFileType = text.xcconfig; name = "Pods-HealthyLife.release.xcconfig"; path = "Pods/Target Support Files/Pods-HealthyLife/Pods-HealthyLife.release.xcconfig"; sourceTree = "<group>"; };
/* End PBXFileReference section */

/* Begin PBXFrameworksBuildPhase section */
		338EC3F021B05C87006D2EBB /* Frameworks */ = {
			isa = PBXFrameworksBuildPhase;
			buildActionMask = 2147483647;
			files = (
				F786A9B3856CF89640995775 /* libPods-HealthyLife.a in Frameworks */,
			);
			runOnlyForDeploymentPostprocessing = 0;
		};
		338EC40421B05C88006D2EBB /* Frameworks */ = {
			isa = PBXFrameworksBuildPhase;
			buildActionMask = 2147483647;
			files = (
			);
			runOnlyForDeploymentPostprocessing = 0;
		};
		338EC40F21B05C88006D2EBB /* Frameworks */ = {
			isa = PBXFrameworksBuildPhase;
			buildActionMask = 2147483647;
			files = (
			);
			runOnlyForDeploymentPostprocessing = 0;
		};
/* End PBXFrameworksBuildPhase section */

/* Begin PBXGroup section */
		338EC3EA21B05C87006D2EBB = {
			isa = PBXGroup;
			children = (
				338EC3F521B05C87006D2EBB /* HealthyLife */,
				338EC40A21B05C88006D2EBB /* HealthyLifeTests */,
				338EC41521B05C88006D2EBB /* HealthyLifeUITests */,
				338EC3F421B05C87006D2EBB /* Products */,
				50014A2D0382B57D6A499EC0 /* Pods */,
				982B2DE25AE622BD2D5F7E9B /* Frameworks */,
			);
			sourceTree = "<group>";
		};
		338EC3F421B05C87006D2EBB /* Products */ = {
			isa = PBXGroup;
			children = (
				338EC3F321B05C87006D2EBB /* HealthyLife.app */,
				338EC40721B05C88006D2EBB /* HealthyLifeTests.xctest */,
				338EC41221B05C88006D2EBB /* HealthyLifeUITests.xctest */,
			);
			name = Products;
			sourceTree = "<group>";
		};
		338EC3F521B05C87006D2EBB /* HealthyLife */ = {
			isa = PBXGroup;
			children = (
				338EC3F621B05C87006D2EBB /* AppDelegate.swift */,
				338EC3F821B05C87006D2EBB /* ViewController.swift */,
				338EC3FA21B05C87006D2EBB /* Main.storyboard */,
				338EC3FD21B05C87006D2EBB /* Assets.xcassets */,
				338EC3FF21B05C87006D2EBB /* LaunchScreen.storyboard */,
				338EC40221B05C87006D2EBB /* Info.plist */,
			);
			path = HealthyLife;
			sourceTree = "<group>";
		};
		338EC40A21B05C88006D2EBB /* HealthyLifeTests */ = {
			isa = PBXGroup;
			children = (
				338EC40B21B05C88006D2EBB /* HealthyLifeTests.swift */,
				338EC40D21B05C88006D2EBB /* Info.plist */,
			);
			path = HealthyLifeTests;
			sourceTree = "<group>";
		};
		338EC41521B05C88006D2EBB /* HealthyLifeUITests */ = {
			isa = PBXGroup;
			children = (
				338EC41621B05C88006D2EBB /* HealthyLifeUITests.swift */,
				338EC41821B05C88006D2EBB /* Info.plist */,
			);
			path = HealthyLifeUITests;
			sourceTree = "<group>";
		};
		50014A2D0382B57D6A499EC0 /* Pods */ = {
			isa = PBXGroup;
			children = (
				7101A7925AB6A565460D0310 /* Pods-HealthyLife.debug.xcconfig */,
				FD1612702771E0F410D67D37 /* Pods-HealthyLife.release.xcconfig */,
			);
			name = Pods;
			sourceTree = "<group>";
		};
		982B2DE25AE622BD2D5F7E9B /* Frameworks */ = {
			isa = PBXGroup;
			children = (
				DD0FCFCE1E20D36B85CD8C7E /* Pods_HealthyLifeTests.framework */,
				705B113470F35A3F49A1E943 /* Pods_HealthyLifeUITests.framework */,
				76CFA3BA9EC489B92698D531 /* libPods-HealthyLife.a */,
			);
			name = Frameworks;
			sourceTree = "<group>";
		};
/* End PBXGroup section */

/* Begin PBXNativeTarget section */
		338EC3F221B05C87006D2EBB /* HealthyLife */ = {
			isa = PBXNativeTarget;
			buildConfigurationList = 338EC41B21B05C88006D2EBB /* Build configuration list for PBXNativeTarget "HealthyLife" */;
			buildPhases = (
				A8827FACD93CFB938FFB9CE6 /* [CP] Check Pods Manifest.lock */,
				338EC3EF21B05C87006D2EBB /* Sources */,
				338EC3F021B05C87006D2EBB /* Frameworks */,
				338EC3F121B05C87006D2EBB /* Resources */,
			);
			buildRules = (
			);
			dependencies = (
			);
			name = HealthyLife;
			productName = HealthyLife;
			productReference = 338EC3F321B05C87006D2EBB /* HealthyLife.app */;
			productType = "com.apple.product-type.application";
		};
		338EC40621B05C88006D2EBB /* HealthyLifeTests */ = {
			isa = PBXNativeTarget;
			buildConfigurationList = 338EC41E21B05C88006D2EBB /* Build configuration list for PBXNativeTarget "HealthyLifeTests" */;
			buildPhases = (
				338EC40321B05C88006D2EBB /* Sources */,
				338EC40421B05C88006D2EBB /* Frameworks */,
				338EC40521B05C88006D2EBB /* Resources */,
			);
			buildRules = (
			);
			dependencies = (
				338EC40921B05C88006D2EBB /* PBXTargetDependency */,
			);
			name = HealthyLifeTests;
			productName = HealthyLifeTests;
			productReference = 338EC40721B05C88006D2EBB /* HealthyLifeTests.xctest */;
			productType = "com.apple.product-type.bundle.unit-test";
		};
		338EC41121B05C88006D2EBB /* HealthyLifeUITests */ = {
			isa = PBXNativeTarget;
			buildConfigurationList = 338EC42121B05C88006D2EBB /* Build configuration list for PBXNativeTarget "HealthyLifeUITests" */;
			buildPhases = (
				338EC40E21B05C88006D2EBB /* Sources */,
				338EC40F21B05C88006D2EBB /* Frameworks */,
				338EC41021B05C88006D2EBB /* Resources */,
			);
			buildRules = (
			);
			dependencies = (
				338EC41421B05C88006D2EBB /* PBXTargetDependency */,
			);
			name = HealthyLifeUITests;
			productName = HealthyLifeUITests;
			productReference = 338EC41221B05C88006D2EBB /* HealthyLifeUITests.xctest */;
			productType = "com.apple.product-type.bundle.ui-testing";
		};
/* End PBXNativeTarget section */

/* Begin PBXProject section */
		338EC3EB21B05C87006D2EBB /* Project object */ = {
			isa = PBXProject;
			attributes = {
				LastSwiftUpdateCheck = 1010;
				LastUpgradeCheck = 1010;
				ORGANIZATIONNAME = zali;
				TargetAttributes = {
					338EC3F221B05C87006D2EBB = {
						CreatedOnToolsVersion = 10.1;
					};
					338EC40621B05C88006D2EBB = {
						CreatedOnToolsVersion = 10.1;
						TestTargetID = 338EC3F221B05C87006D2EBB;
					};
					338EC41121B05C88006D2EBB = {
						CreatedOnToolsVersion = 10.1;
						TestTargetID = 338EC3F221B05C87006D2EBB;
					};
				};
			};
			buildConfigurationList = 338EC3EE21B05C87006D2EBB /* Build configuration list for PBXProject "HealthyLife" */;
			compatibilityVersion = "Xcode 9.3";
			developmentRegion = en;
			hasScannedForEncodings = 0;
			knownRegions = (
				en,
				Base,
			);
			mainGroup = 338EC3EA21B05C87006D2EBB;
			productRefGroup = 338EC3F421B05C87006D2EBB /* Products */;
			projectDirPath = "";
			projectRoot = "";
			targets = (
				338EC3F221B05C87006D2EBB /* HealthyLife */,
				338EC40621B05C88006D2EBB /* HealthyLifeTests */,
				338EC41121B05C88006D2EBB /* HealthyLifeUITests */,
			);
		};
/* End PBXProject section */

/* Begin PBXResourcesBuildPhase section */
		338EC3F121B05C87006D2EBB /* Resources */ = {
			isa = PBXResourcesBuildPhase;
			buildActionMask = 2147483647;
			files = (
				338EC40121B05C87006D2EBB /* LaunchScreen.storyboard in Resources */,
				338EC3FE21B05C87006D2EBB /* Assets.xcassets in Resources */,
				338EC3FC21B05C87006D2EBB /* Main.storyboard in Resources */,
			);
			runOnlyForDeploymentPostprocessing = 0;
		};
		338EC40521B05C88006D2EBB /* Resources */ = {
			isa = PBXResourcesBuildPhase;
			buildActionMask = 2147483647;
			files = (
			);
			runOnlyForDeploymentPostprocessing = 0;
		};
		338EC41021B05C88006D2EBB /* Resources */ = {
			isa = PBXResourcesBuildPhase;
			buildActionMask = 2147483647;
			files = (
			);
			runOnlyForDeploymentPostprocessing = 0;
		};
/* End PBXResourcesBuildPhase section */

/* Begin PBXShellScriptBuildPhase section */
		A8827FACD93CFB938FFB9CE6 /* [CP] Check Pods Manifest.lock */ = {
			isa = PBXShellScriptBuildPhase;
			buildActionMask = 2147483647;
			files = (
			);
			inputPaths = (
				"${PODS_PODFILE_DIR_PATH}/Podfile.lock",
				"${PODS_ROOT}/Manifest.lock",
			);
			name = "[CP] Check Pods Manifest.lock";
			outputPaths = (
				"$(DERIVED_FILE_DIR)/Pods-HealthyLife-checkManifestLockResult.txt",
			);
			runOnlyForDeploymentPostprocessing = 0;
			shellPath = /bin/sh;
			shellScript = "diff \"${PODS_PODFILE_DIR_PATH}/Podfile.lock\" \"${PODS_ROOT}/Manifest.lock\" > /dev/null\nif [ $? != 0 ] ; then\n    # print error to STDERR\n    echo \"error: The sandbox is not in sync with the Podfile.lock. Run 'pod install' or update your CocoaPods installation.\" >&2\n    exit 1\nfi\n# This output is used by Xcode 'outputs' to avoid re-running this script phase.\necho \"SUCCESS\" > \"${SCRIPT_OUTPUT_FILE_0}\"\n";
			showEnvVarsInLog = 0;
		};
/* End PBXShellScriptBuildPhase section */

/* Begin PBXSourcesBuildPhase section */
		338EC3EF21B05C87006D2EBB /* Sources */ = {
			isa = PBXSourcesBuildPhase;
			buildActionMask = 2147483647;
			files = (
				338EC3F921B05C87006D2EBB /* ViewController.swift in Sources */,
				338EC3F721B05C87006D2EBB /* AppDelegate.swift in Sources */,
			);
			runOnlyForDeploymentPostprocessing = 0;
		};
		338EC40321B05C88006D2EBB /* Sources */ = {
			isa = PBXSourcesBuildPhase;
			buildActionMask = 2147483647;
			files = (
				338EC40C21B05C88006D2EBB /* HealthyLifeTests.swift in Sources */,
			);
			runOnlyForDeploymentPostprocessing = 0;
		};
		338EC40E21B05C88006D2EBB /* Sources */ = {
			isa = PBXSourcesBuildPhase;
			buildActionMask = 2147483647;
			files = (
				338EC41721B05C88006D2EBB /* HealthyLifeUITests.swift in Sources */,
			);
			runOnlyForDeploymentPostprocessing = 0;
		};
/* End PBXSourcesBuildPhase section */

/* Begin PBXTargetDependency section */
		338EC40921B05C88006D2EBB /* PBXTargetDependency */ = {
			isa = PBXTargetDependency;
			target = 338EC3F221B05C87006D2EBB /* HealthyLife */;
			targetProxy = 338EC40821B05C88006D2EBB /* PBXContainerItemProxy */;
		};
		338EC41421B05C88006D2EBB /* PBXTargetDependency */ = {
			isa = PBXTargetDependency;
			target = 338EC3F221B05C87006D2EBB /* HealthyLife */;
			targetProxy = 338EC41321B05C88006D2EBB /* PBXContainerItemProxy */;
		};
/* End PBXTargetDependency section */

/* Begin PBXVariantGroup section */
		338EC3FA21B05C87006D2EBB /* Main.storyboard */ = {
			isa = PBXVariantGroup;
			children = (
				338EC3FB21B05C87006D2EBB /* Base */,
			);
			name = Main.storyboard;
			sourceTree = "<group>";
		};
		338EC3FF21B05C87006D2EBB /* LaunchScreen.storyboard */ = {
			isa = PBXVariantGroup;
			children = (
				338EC40021B05C87006D2EBB /* Base */,
			);
			name = LaunchScreen.storyboard;
			sourceTree = "<group>";
		};
/* End PBXVariantGroup section */

/* Begin XCBuildConfiguration section */
		338EC41921B05C88006D2EBB /* Debug */ = {
			isa = XCBuildConfiguration;
			buildSettings = {
				ALWAYS_SEARCH_USER_PATHS = NO;
				CLANG_ANALYZER_NONNULL = YES;
				CLANG_ANALYZER_NUMBER_OBJECT_CONVERSION = YES_AGGRESSIVE;
				CLANG_CXX_LANGUAGE_STANDARD = "gnu++14";
				CLANG_CXX_LIBRARY = "libc++";
				CLANG_ENABLE_MODULES = YES;
				CLANG_ENABLE_OBJC_ARC = YES;
				CLANG_ENABLE_OBJC_WEAK = YES;
				CLANG_WARN_BLOCK_CAPTURE_AUTORELEASING = YES;
				CLANG_WARN_BOOL_CONVERSION = YES;
				CLANG_WARN_COMMA = YES;
				CLANG_WARN_CONSTANT_CONVERSION = YES;
				CLANG_WARN_DEPRECATED_OBJC_IMPLEMENTATIONS = YES;
				CLANG_WARN_DIRECT_OBJC_ISA_USAGE = YES_ERROR;
				CLANG_WARN_DOCUMENTATION_COMMENTS = YES;
				CLANG_WARN_EMPTY_BODY = YES;
				CLANG_WARN_ENUM_CONVERSION = YES;
				CLANG_WARN_INFINITE_RECURSION = YES;
				CLANG_WARN_INT_CONVERSION = YES;
				CLANG_WARN_NON_LITERAL_NULL_CONVERSION = YES;
				CLANG_WARN_OBJC_IMPLICIT_RETAIN_SELF = YES;
				CLANG_WARN_OBJC_LITERAL_CONVERSION = YES;
				CLANG_WARN_OBJC_ROOT_CLASS = YES_ERROR;
				CLANG_WARN_RANGE_LOOP_ANALYSIS = YES;
				CLANG_WARN_STRICT_PROTOTYPES = YES;
				CLANG_WARN_SUSPICIOUS_MOVE = YES;
				CLANG_WARN_UNGUARDED_AVAILABILITY = YES_AGGRESSIVE;
				CLANG_WARN_UNREACHABLE_CODE = YES;
				CLANG_WARN__DUPLICATE_METHOD_MATCH = YES;
				CODE_SIGN_IDENTITY = "iPhone Developer";
				COPY_PHASE_STRIP = NO;
				DEBUG_INFORMATION_FORMAT = dwarf;
				ENABLE_STRICT_OBJC_MSGSEND = YES;
				ENABLE_TESTABILITY = YES;
				GCC_C_LANGUAGE_STANDARD = gnu11;
				GCC_DYNAMIC_NO_PIC = NO;
				GCC_NO_COMMON_BLOCKS = YES;
				GCC_OPTIMIZATION_LEVEL = 0;
				GCC_PREPROCESSOR_DEFINITIONS = (
					"DEBUG=1",
					"$(inherited)",
				);
				GCC_WARN_64_TO_32_BIT_CONVERSION = YES;
				GCC_WARN_ABOUT_RETURN_TYPE = YES_ERROR;
				GCC_WARN_UNDECLARED_SELECTOR = YES;
				GCC_WARN_UNINITIALIZED_AUTOS = YES_AGGRESSIVE;
				GCC_WARN_UNUSED_FUNCTION = YES;
				GCC_WARN_UNUSED_VARIABLE = YES;
				IPHONEOS_DEPLOYMENT_TARGET = 12.1;
				MTL_ENABLE_DEBUG_INFO = INCLUDE_SOURCE;
				MTL_FAST_MATH = YES;
				ONLY_ACTIVE_ARCH = YES;
				SDKROOT = iphoneos;
				SWIFT_ACTIVE_COMPILATION_CONDITIONS = DEBUG;
				SWIFT_OPTIMIZATION_LEVEL = "-Onone";
			};
			name = Debug;
		};
		338EC41A21B05C88006D2EBB /* Release */ = {
			isa = XCBuildConfiguration;
			buildSettings = {
				ALWAYS_SEARCH_USER_PATHS = NO;
				CLANG_ANALYZER_NONNULL = YES;
				CLANG_ANALYZER_NUMBER_OBJECT_CONVERSION = YES_AGGRESSIVE;
				CLANG_CXX_LANGUAGE_STANDARD = "gnu++14";
				CLANG_CXX_LIBRARY = "libc++";
				CLANG_ENABLE_MODULES = YES;
				CLANG_ENABLE_OBJC_ARC = YES;
				CLANG_ENABLE_OBJC_WEAK = YES;
				CLANG_WARN_BLOCK_CAPTURE_AUTORELEASING = YES;
				CLANG_WARN_BOOL_CONVERSION = YES;
				CLANG_WARN_COMMA = YES;
				CLANG_WARN_CONSTANT_CONVERSION = YES;
				CLANG_WARN_DEPRECATED_OBJC_IMPLEMENTATIONS = YES;
				CLANG_WARN_DIRECT_OBJC_ISA_USAGE = YES_ERROR;
				CLANG_WARN_DOCUMENTATION_COMMENTS = YES;
				CLANG_WARN_EMPTY_BODY = YES;
				CLANG_WARN_ENUM_CONVERSION = YES;
				CLANG_WARN_INFINITE_RECURSION = YES;
				CLANG_WARN_INT_CONVERSION = YES;
				CLANG_WARN_NON_LITERAL_NULL_CONVERSION = YES;
				CLANG_WARN_OBJC_IMPLICIT_RETAIN_SELF = YES;
				CLANG_WARN_OBJC_LITERAL_CONVERSION = YES;
				CLANG_WARN_OBJC_ROOT_CLASS = YES_ERROR;
				CLANG_WARN_RANGE_LOOP_ANALYSIS = YES;
				CLANG_WARN_STRICT_PROTOTYPES = YES;
				CLANG_WARN_SUSPICIOUS_MOVE = YES;
				CLANG_WARN_UNGUARDED_AVAILABILITY = YES_AGGRESSIVE;
				CLANG_WARN_UNREACHABLE_CODE = YES;
				CLANG_WARN__DUPLICATE_METHOD_MATCH = YES;
				CODE_SIGN_IDENTITY = "iPhone Developer";
				COPY_PHASE_STRIP = NO;
				DEBUG_INFORMATION_FORMAT = "dwarf-with-dsym";
				ENABLE_NS_ASSERTIONS = NO;
				ENABLE_STRICT_OBJC_MSGSEND = YES;
				GCC_C_LANGUAGE_STANDARD = gnu11;
				GCC_NO_COMMON_BLOCKS = YES;
				GCC_WARN_64_TO_32_BIT_CONVERSION = YES;
				GCC_WARN_ABOUT_RETURN_TYPE = YES_ERROR;
				GCC_WARN_UNDECLARED_SELECTOR = YES;
				GCC_WARN_UNINITIALIZED_AUTOS = YES_AGGRESSIVE;
				GCC_WARN_UNUSED_FUNCTION = YES;
				GCC_WARN_UNUSED_VARIABLE = YES;
				IPHONEOS_DEPLOYMENT_TARGET = 12.1;
				MTL_ENABLE_DEBUG_INFO = NO;
				MTL_FAST_MATH = YES;
				SDKROOT = iphoneos;
				SWIFT_COMPILATION_MODE = wholemodule;
				SWIFT_OPTIMIZATION_LEVEL = "-O";
				VALIDATE_PRODUCT = YES;
			};
			name = Release;
		};
		338EC41C21B05C88006D2EBB /* Debug */ = {
			isa = XCBuildConfiguration;
			baseConfigurationReference = 7101A7925AB6A565460D0310 /* Pods-HealthyLife.debug.xcconfig */;
			buildSettings = {
				ASSETCATALOG_COMPILER_APPICON_NAME = AppIcon;
				CODE_SIGN_STYLE = Automatic;
				INFOPLIST_FILE = HealthyLife/Info.plist;
				IPHONEOS_DEPLOYMENT_TARGET = 8.0;
				LD_RUNPATH_SEARCH_PATHS = (
					"$(inherited)",
					"@executable_path/Frameworks",
				);
				PRODUCT_BUNDLE_IDENTIFIER = org.easylife.ios.HealthyLife;
				PRODUCT_NAME = "$(TARGET_NAME)";
				SWIFT_VERSION = 4.2;
				TARGETED_DEVICE_FAMILY = "1,2";
			};
			name = Debug;
		};
		338EC41D21B05C88006D2EBB /* Release */ = {
			isa = XCBuildConfiguration;
			baseConfigurationReference = FD1612702771E0F410D67D37 /* Pods-HealthyLife.release.xcconfig */;
			buildSettings = {
				ASSETCATALOG_COMPILER_APPICON_NAME = AppIcon;
				CODE_SIGN_STYLE = Automatic;
				INFOPLIST_FILE = HealthyLife/Info.plist;
				IPHONEOS_DEPLOYMENT_TARGET = 8.0;
				LD_RUNPATH_SEARCH_PATHS = (
					"$(inherited)",
					"@executable_path/Frameworks",
				);
				PRODUCT_BUNDLE_IDENTIFIER = org.easylife.ios.HealthyLife;
				PRODUCT_NAME = "$(TARGET_NAME)";
				SWIFT_VERSION = 4.2;
				TARGETED_DEVICE_FAMILY = "1,2";
			};
			name = Release;
		};
		338EC41F21B05C88006D2EBB /* Debug */ = {
			isa = XCBuildConfiguration;
			buildSettings = {
				ALWAYS_EMBED_SWIFT_STANDARD_LIBRARIES = YES;
				BUNDLE_LOADER = "$(TEST_HOST)";
				CODE_SIGN_STYLE = Automatic;
				INFOPLIST_FILE = HealthyLifeTests/Info.plist;
				LD_RUNPATH_SEARCH_PATHS = (
					"$(inherited)",
					"@executable_path/Frameworks",
					"@loader_path/Frameworks",
				);
				PRODUCT_BUNDLE_IDENTIFIER = org.easylife.ios.HealthyLifeTests;
				PRODUCT_NAME = "$(TARGET_NAME)";
				SWIFT_VERSION = 4.2;
				TARGETED_DEVICE_FAMILY = "1,2";
				TEST_HOST = "$(BUILT_PRODUCTS_DIR)/HealthyLife.app/HealthyLife";
			};
			name = Debug;
		};
		338EC42021B05C88006D2EBB /* Release */ = {
			isa = XCBuildConfiguration;
			buildSettings = {
				ALWAYS_EMBED_SWIFT_STANDARD_LIBRARIES = YES;
				BUNDLE_LOADER = "$(TEST_HOST)";
				CODE_SIGN_STYLE = Automatic;
				INFOPLIST_FILE = HealthyLifeTests/Info.plist;
				LD_RUNPATH_SEARCH_PATHS = (
					"$(inherited)",
					"@executable_path/Frameworks",
					"@loader_path/Frameworks",
				);
				PRODUCT_BUNDLE_IDENTIFIER = org.easylife.ios.HealthyLifeTests;
				PRODUCT_NAME = "$(TARGET_NAME)";
				SWIFT_VERSION = 4.2;
				TARGETED_DEVICE_FAMILY = "1,2";
				TEST_HOST = "$(BUILT_PRODUCTS_DIR)/HealthyLife.app/HealthyLife";
			};
			name = Release;
		};
		338EC42221B05C88006D2EBB /* Debug */ = {
			isa = XCBuildConfiguration;
			buildSettings = {
				ALWAYS_EMBED_SWIFT_STANDARD_LIBRARIES = YES;
				CODE_SIGN_STYLE = Automatic;
				INFOPLIST_FILE = HealthyLifeUITests/Info.plist;
				LD_RUNPATH_SEARCH_PATHS = (
					"$(inherited)",
					"@executable_path/Frameworks",
					"@loader_path/Frameworks",
				);
				PRODUCT_BUNDLE_IDENTIFIER = org.easylife.ios.HealthyLifeUITests;
				PRODUCT_NAME = "$(TARGET_NAME)";
				SWIFT_VERSION = 4.2;
				TARGETED_DEVICE_FAMILY = "1,2";
				TEST_TARGET_NAME = HealthyLife;
			};
			name = Debug;
		};
		338EC42321B05C88006D2EBB /* Release */ = {
			isa = XCBuildConfiguration;
			buildSettings = {
				ALWAYS_EMBED_SWIFT_STANDARD_LIBRARIES = YES;
				CODE_SIGN_STYLE = Automatic;
				INFOPLIST_FILE = HealthyLifeUITests/Info.plist;
				LD_RUNPATH_SEARCH_PATHS = (
					"$(inherited)",
					"@executable_path/Frameworks",
					"@loader_path/Frameworks",
				);
				PRODUCT_BUNDLE_IDENTIFIER = org.easylife.ios.HealthyLifeUITests;
				PRODUCT_NAME = "$(TARGET_NAME)";
				SWIFT_VERSION = 4.2;
				TARGETED_DEVICE_FAMILY = "1,2";
				TEST_TARGET_NAME = HealthyLife;
			};
			name = Release;
		};
/* End XCBuildConfiguration section */

/* Begin XCConfigurationList section */
		338EC3EE21B05C87006D2EBB /* Build configuration list for PBXProject "HealthyLife" */ = {
			isa = XCConfigurationList;
			buildConfigurations = (
				338EC41921B05C88006D2EBB /* Debug */,
				338EC41A21B05C88006D2EBB /* Release */,
			);
			defaultConfigurationIsVisible = 0;
			defaultConfigurationName = Release;
		};
		338EC41B21B05C88006D2EBB /* Build configuration list for PBXNativeTarget "HealthyLife" */ = {
			isa = XCConfigurationList;
			buildConfigurations = (
				338EC41C21B05C88006D2EBB /* Debug */,
				338EC41D21B05C88006D2EBB /* Release */,
			);
			defaultConfigurationIsVisible = 0;
			defaultConfigurationName = Release;
		};
		338EC41E21B05C88006D2EBB /* Build configuration list for PBXNativeTarget "HealthyLifeTests" */ = {
			isa = XCConfigurationList;
			buildConfigurations = (
				338EC41F21B05C88006D2EBB /* Debug */,
				338EC42021B05C88006D2EBB /* Release */,
			);
			defaultConfigurationIsVisible = 0;
			defaultConfigurationName = Release;
		};
		338EC42121B05C88006D2EBB /* Build configuration list for PBXNativeTarget "HealthyLifeUITests" */ = {
			isa = XCConfigurationList;
			buildConfigurations = (
				338EC42221B05C88006D2EBB /* Debug */,
				338EC42321B05C88006D2EBB /* Release */,
			);
			defaultConfigurationIsVisible = 0;
			defaultConfigurationName = Release;
		};
/* End XCConfigurationList section */
	};
	rootObject = 338EC3EB21B05C87006D2EBB /* Project object */;
}
